PODS:
  - BEMSimpleLineGraph (4.0)
  - HockeySDK (3.6.4)
  - Masonry (0.6.1)
  - Realm (0.93.2):
    - Realm/Headers (= 0.93.2)
  - Realm/Headers (0.93.2)
  - Reveal-iOS-SDK (1.6.2)
  - SSKeychain (1.2.3)
  - VTAcknowledgementsViewController (0.14)
  - XLForm (3.0.0)

DEPENDENCIES:
  - BEMSimpleLineGraph
  - HockeySDK
  - Masonry
  - Realm
  - Reveal-iOS-SDK
  - SSKeychain
  - VTAcknowledgementsViewController
  - XLForm (from `git@github.com:xmartlabs/XLForm.git`, commit `73a2d5275467c0aa04c4399896fc16a2c7189130`)

EXTERNAL SOURCES:
  XLForm:
    :commit: 73a2d5275467c0aa04c4399896fc16a2c7189130
    :git: git@github.com:xmartlabs/XLForm.git

CHECKOUT OPTIONS:
  XLForm:
    :commit: 73a2d5275467c0aa04c4399896fc16a2c7189130
    :git: git@github.com:xmartlabs/XLForm.git

SPEC CHECKSUMS:
  BEMSimpleLineGraph: e706c36c6e7944f6424285478a914d4adb178f92
  HockeySDK: c07cdd580296737edcd0963e292c19885a53f563
  Masonry: 4972309f2f134de9dd312f4dc4a21359b50e6caa
  Realm: 2fdd0ae74f730e190384e0338d8a0d3654df8220
  Reveal-iOS-SDK: e2250b3c155bcfac53ae223ddc1f76d08f206c33
  SSKeychain: 3f42991739c6c60a9cf1bbd4dff6c0d3694bcf3d
  VTAcknowledgementsViewController: 11a869dd69598a852f12699aeaf36e2589d3fc1b
  XLForm: 3e0521195126c4da4e90b104017e2758776393f1

COCOAPODS: 0.39.0
