// !$*UTF8*$!
{
	archiveVersion = 1;
	classes = {
	};
	objectVersion = 46;
	objects = {

/* Begin PBXBuildFile section */
		3F331A591B2C67DC0055E742 /* VLDAppDelegate.m in Sources */ = {isa = PBXBuildFile; fileRef = 3F331A581B2C67DC0055E742 /* VLDAppDelegate.m */; };
		3F331A621B2C67E70055E742 /* main.m in Sources */ = {isa = PBXBuildFile; fileRef = 3F331A5D1B2C67E70055E742 /* main.m */; };
		3F331A681B2C68410055E742 /* Images.xcassets in Resources */ = {isa = PBXBuildFile; fileRef = 3F331A651B2C68410055E742 /* Images.xcassets */; };
		3F331A691B2C68410055E742 /* LaunchScreen.xib in Resources */ = {isa = PBXBuildFile; fileRef = 3F331A661B2C68410055E742 /* LaunchScreen.xib */; };
		3F331A6A1B2C68410055E742 /* Main.storyboard in Resources */ = {isa = PBXBuildFile; fileRef = 3F331A671B2C68410055E742 /* Main.storyboard */; };
		3F331A701B2C6AC60055E742 /* Localizable.strings in Resources */ = {isa = PBXBuildFile; fileRef = 3F331A6D1B2C6A350055E742 /* Localizable.strings */; };
/* End PBXBuildFile section */

/* Begin PBXFileReference section */
		3F331A2A1B2C67020055E742 /* Velad.app */ = {isa = PBXFileReference; explicitFileType = wrapper.application; includeInIndex = 0; path = Velad.app; sourceTree = BUILT_PRODUCTS_DIR; };
		3F331A571B2C67DC0055E742 /* VLDAppDelegate.h */ = {isa = PBXFileReference; fileEncoding = 4; lastKnownFileType = sourcecode.c.h; name = VLDAppDelegate.h; path = Source/VLDAppDelegate.h; sourceTree = "<group>"; };
		3F331A581B2C67DC0055E742 /* VLDAppDelegate.m */ = {isa = PBXFileReference; fileEncoding = 4; lastKnownFileType = sourcecode.c.objc; name = VLDAppDelegate.m; path = Source/VLDAppDelegate.m; sourceTree = "<group>"; };
		3F331A5B1B2C67E70055E742 /* Info.plist */ = {isa = PBXFileReference; fileEncoding = 4; lastKnownFileType = text.plist.xml; name = Info.plist; path = Support/Info.plist; sourceTree = "<group>"; };
		3F331A5D1B2C67E70055E742 /* main.m */ = {isa = PBXFileReference; fileEncoding = 4; lastKnownFileType = sourcecode.c.objc; name = main.m; path = Support/main.m; sourceTree = "<group>"; };
		3F331A651B2C68410055E742 /* Images.xcassets */ = {isa = PBXFileReference; lastKnownFileType = folder.assetcatalog; name = Images.xcassets; path = Assets/Images.xcassets; sourceTree = "<group>"; };
		3F331A661B2C68410055E742 /* LaunchScreen.xib */ = {isa = PBXFileReference; fileEncoding = 4; lastKnownFileType = file.xib; name = LaunchScreen.xib; path = Assets/LaunchScreen.xib; sourceTree = "<group>"; };
		3F331A671B2C68410055E742 /* Main.storyboard */ = {isa = PBXFileReference; fileEncoding = 4; lastKnownFileType = file.storyboard; name = Main.storyboard; path = Assets/Main.storyboard; sourceTree = "<group>"; };
		3F331A6E1B2C6A350055E742 /* es */ = {isa = PBXFileReference; lastKnownFileType = text.plist.strings; name = es; path = Assets/es.lproj/Localizable.strings; sourceTree = "<group>"; };
/* End PBXFileReference section */

/* Begin PBXFrameworksBuildPhase section */
		3F331A271B2C67020055E742 /* Frameworks */ = {
			isa = PBXFrameworksBuildPhase;
			buildActionMask = 2147483647;
			files = (
			);
			runOnlyForDeploymentPostprocessing = 0;
		};
/* End PBXFrameworksBuildPhase section */

/* Begin PBXGroup section */
		3F331A211B2C67020055E742 = {
			isa = PBXGroup;
			children = (
				3F331A2C1B2C67020055E742 /* Velad */,
				3F331A2B1B2C67020055E742 /* Products */,
			);
			sourceTree = "<group>";
		};
		3F331A2B1B2C67020055E742 /* Products */ = {
			isa = PBXGroup;
			children = (
				3F331A2A1B2C67020055E742 /* Velad.app */,
			);
			name = Products;
			sourceTree = "<group>";
		};
		3F331A2C1B2C67020055E742 /* Velad */ = {
			isa = PBXGroup;
			children = (
				3F331A641B2C68320055E742 /* Assets */,
				3F331A541B2C67C20055E742 /* Source */,
				3F331A551B2C67C80055E742 /* Support */,
			);
			path = Velad;
			sourceTree = "<group>";
		};
		3F331A541B2C67C20055E742 /* Source */ = {
			isa = PBXGroup;
			children = (
				3F331A561B2C67CE0055E742 /* Application */,
			);
			name = Source;
			sourceTree = "<group>";
		};
		3F331A551B2C67C80055E742 /* Support */ = {
			isa = PBXGroup;
			children = (
				3F331A5D1B2C67E70055E742 /* main.m */,
				3F331A5B1B2C67E70055E742 /* Info.plist */,
			);
			name = Support;
			sourceTree = "<group>";
		};
		3F331A561B2C67CE0055E742 /* Application */ = {
			isa = PBXGroup;
			children = (
				3F331A571B2C67DC0055E742 /* VLDAppDelegate.h */,
				3F331A581B2C67DC0055E742 /* VLDAppDelegate.m */,
			);
			name = Application;
			sourceTree = "<group>";
		};
		3F331A641B2C68320055E742 /* Assets */ = {
			isa = PBXGroup;
			children = (
				3F331A661B2C68410055E742 /* LaunchScreen.xib */,
				3F331A671B2C68410055E742 /* Main.storyboard */,
				3F331A651B2C68410055E742 /* Images.xcassets */,
				3F331A6D1B2C6A350055E742 /* Localizable.strings */,
			);
			name = Assets;
			sourceTree = "<group>";
		};
/* End PBXGroup section */

/* Begin PBXNativeTarget section */
		3F331A291B2C67020055E742 /* Velad */ = {
			isa = PBXNativeTarget;
			buildConfigurationList = 3F331A4D1B2C67020055E742 /* Build configuration list for PBXNativeTarget "Velad" */;
			buildPhases = (
				3F331A261B2C67020055E742 /* Sources */,
				3F331A271B2C67020055E742 /* Frameworks */,
				3F331A281B2C67020055E742 /* Resources */,
			);
			buildRules = (
			);
			dependencies = (
			);
			name = Velad;
			productName = Velad;
			productReference = 3F331A2A1B2C67020055E742 /* Velad.app */;
			productType = "com.apple.product-type.application";
		};
/* End PBXNativeTarget section */

/* Begin PBXProject section */
		3F331A221B2C67020055E742 /* Project object */ = {
			isa = PBXProject;
			attributes = {
				LastUpgradeCheck = 0630;
				ORGANIZATIONNAME = MAC;
				TargetAttributes = {
					3F331A291B2C67020055E742 = {
						CreatedOnToolsVersion = 6.3.2;
					};
				};
			};
			buildConfigurationList = 3F331A251B2C67020055E742 /* Build configuration list for PBXProject "Velad" */;
			compatibilityVersion = "Xcode 3.2";
			developmentRegion = English;
			hasScannedForEncodings = 0;
			knownRegions = (
				es,
			);
			mainGroup = 3F331A211B2C67020055E742;
			productRefGroup = 3F331A2B1B2C67020055E742 /* Products */;
			projectDirPath = "";
			projectRoot = "";
			targets = (
				3F331A291B2C67020055E742 /* Velad */,
			);
		};
/* End PBXProject section */

/* Begin PBXResourcesBuildPhase section */
		3F331A281B2C67020055E742 /* Resources */ = {
			isa = PBXResourcesBuildPhase;
			buildActionMask = 2147483647;
			files = (
				3F331A701B2C6AC60055E742 /* Localizable.strings in Resources */,
				3F331A691B2C68410055E742 /* LaunchScreen.xib in Resources */,
				3F331A681B2C68410055E742 /* Images.xcassets in Resources */,
				3F331A6A1B2C68410055E742 /* Main.storyboard in Resources */,
			);
			runOnlyForDeploymentPostprocessing = 0;
		};
/* End PBXResourcesBuildPhase section */

/* Begin PBXSourcesBuildPhase section */
		3F331A261B2C67020055E742 /* Sources */ = {
			isa = PBXSourcesBuildPhase;
			buildActionMask = 2147483647;
			files = (
				3F331A621B2C67E70055E742 /* main.m in Sources */,
				3F331A591B2C67DC0055E742 /* VLDAppDelegate.m in Sources */,
			);
			runOnlyForDeploymentPostprocessing = 0;
		};
/* End PBXSourcesBuildPhase section */

/* Begin PBXVariantGroup section */
		3F331A6D1B2C6A350055E742 /* Localizable.strings */ = {
			isa = PBXVariantGroup;
			children = (
				3F331A6E1B2C6A350055E742 /* es */,
			);
			name = Localizable.strings;
			sourceTree = "<group>";
		};
/* End PBXVariantGroup section */

/* Begin XCBuildConfiguration section */
		3F331A4B1B2C67020055E742 /* Debug */ = {
			isa = XCBuildConfiguration;
			buildSettings = {
				ALWAYS_SEARCH_USER_PATHS = NO;
				CLANG_CXX_LANGUAGE_STANDARD = "gnu++0x";
				CLANG_CXX_LIBRARY = "libc++";
				CLANG_ENABLE_MODULES = YES;
				CLANG_ENABLE_OBJC_ARC = YES;
				CLANG_WARN_BOOL_CONVERSION = YES;
				CLANG_WARN_CONSTANT_CONVERSION = YES;
				CLANG_WARN_DIRECT_OBJC_ISA_USAGE = YES_ERROR;
				CLANG_WARN_EMPTY_BODY = YES;
				CLANG_WARN_ENUM_CONVERSION = YES;
				CLANG_WARN_INT_CONVERSION = YES;
				CLANG_WARN_OBJC_ROOT_CLASS = YES_ERROR;
				CLANG_WARN_UNREACHABLE_CODE = YES;
				CLANG_WARN__DUPLICATE_METHOD_MATCH = YES;
				"CODE_SIGN_IDENTITY[sdk=iphoneos*]" = "iPhone Developer";
				COPY_PHASE_STRIP = NO;
				DEBUG_INFORMATION_FORMAT = "dwarf-with-dsym";
				ENABLE_STRICT_OBJC_MSGSEND = YES;
				GCC_C_LANGUAGE_STANDARD = gnu99;
				GCC_DYNAMIC_NO_PIC = NO;
				GCC_NO_COMMON_BLOCKS = YES;
				GCC_OPTIMIZATION_LEVEL = 0;
				GCC_PREPROCESSOR_DEFINITIONS = (
					"DEBUG=1",
					"$(inherited)",
				);
				GCC_SYMBOLS_PRIVATE_EXTERN = NO;
				GCC_WARN_64_TO_32_BIT_CONVERSION = YES;
				GCC_WARN_ABOUT_RETURN_TYPE = YES_ERROR;
				GCC_WARN_UNDECLARED_SELECTOR = YES;
				GCC_WARN_UNINITIALIZED_AUTOS = YES_AGGRESSIVE;
				GCC_WARN_UNUSED_FUNCTION = YES;
				GCC_WARN_UNUSED_VARIABLE = YES;
				IPHONEOS_DEPLOYMENT_TARGET = 8.3;
				MTL_ENABLE_DEBUG_INFO = YES;
				ONLY_ACTIVE_ARCH = YES;
				SDKROOT = iphoneos;
			};
			name = Debug;
		};
		3F331A4C1B2C67020055E742 /* Release */ = {
			isa = XCBuildConfiguration;
			buildSettings = {
				ALWAYS_SEARCH_USER_PATHS = NO;
				CLANG_CXX_LANGUAGE_STANDARD = "gnu++0x";
				CLANG_CXX_LIBRARY = "libc++";
				CLANG_ENABLE_MODULES = YES;
				CLANG_ENABLE_OBJC_ARC = YES;
				CLANG_WARN_BOOL_CONVERSION = YES;
				CLANG_WARN_CONSTANT_CONVERSION = YES;
				CLANG_WARN_DIRECT_OBJC_ISA_USAGE = YES_ERROR;
				CLANG_WARN_EMPTY_BODY = YES;
				CLANG_WARN_ENUM_CONVERSION = YES;
				CLANG_WARN_INT_CONVERSION = YES;
				CLANG_WARN_OBJC_ROOT_CLASS = YES_ERROR;
				CLANG_WARN_UNREACHABLE_CODE = YES;
				CLANG_WARN__DUPLICATE_METHOD_MATCH = YES;
				"CODE_SIGN_IDENTITY[sdk=iphoneos*]" = "iPhone Developer";
				COPY_PHASE_STRIP = NO;
				DEBUG_INFORMATION_FORMAT = "dwarf-with-dsym";
				ENABLE_NS_ASSERTIONS = NO;
				ENABLE_STRICT_OBJC_MSGSEND = YES;
				GCC_C_LANGUAGE_STANDARD = gnu99;
				GCC_NO_COMMON_BLOCKS = YES;
				GCC_WARN_64_TO_32_BIT_CONVERSION = YES;
				GCC_WARN_ABOUT_RETURN_TYPE = YES_ERROR;
				GCC_WARN_UNDECLARED_SELECTOR = YES;
				GCC_WARN_UNINITIALIZED_AUTOS = YES_AGGRESSIVE;
				GCC_WARN_UNUSED_FUNCTION = YES;
				GCC_WARN_UNUSED_VARIABLE = YES;
				IPHONEOS_DEPLOYMENT_TARGET = 8.3;
				MTL_ENABLE_DEBUG_INFO = NO;
				SDKROOT = iphoneos;
				VALIDATE_PRODUCT = YES;
			};
			name = Release;
		};
		3F331A4E1B2C67020055E742 /* Debug */ = {
			isa = XCBuildConfiguration;
			buildSettings = {
				ASSETCATALOG_COMPILER_APPICON_NAME = AppIcon;
				ASSETCATALOG_COMPILER_LAUNCHIMAGE_NAME = LaunchImage;
				INFOPLIST_FILE = "$(SRCROOT)/Velad/Support/Info.plist";
				IPHONEOS_DEPLOYMENT_TARGET = 7.0;
				LD_RUNPATH_SEARCH_PATHS = "$(inherited) @executable_path/Frameworks";
				PRODUCT_NAME = "$(TARGET_NAME)";
			};
			name = Debug;
		};
		3F331A4F1B2C67020055E742 /* Release */ = {
			isa = XCBuildConfiguration;
			buildSettings = {
				ASSETCATALOG_COMPILER_APPICON_NAME = AppIcon;
				ASSETCATALOG_COMPILER_LAUNCHIMAGE_NAME = LaunchImage;
				INFOPLIST_FILE = "$(SRCROOT)/Velad/Support/Info.plist";
				IPHONEOS_DEPLOYMENT_TARGET = 7.0;
				LD_RUNPATH_SEARCH_PATHS = "$(inherited) @executable_path/Frameworks";
				PRODUCT_NAME = "$(TARGET_NAME)";
			};
			name = Release;
		};
/* End XCBuildConfiguration section */

/* Begin XCConfigurationList section */
		3F331A251B2C67020055E742 /* Build configuration list for PBXProject "Velad" */ = {
			isa = XCConfigurationList;
			buildConfigurations = (
				3F331A4B1B2C67020055E742 /* Debug */,
				3F331A4C1B2C67020055E742 /* Release */,
			);
			defaultConfigurationIsVisible = 0;
			defaultConfigurationName = Release;
		};
		3F331A4D1B2C67020055E742 /* Build configuration list for PBXNativeTarget "Velad" */ = {
			isa = XCConfigurationList;
			buildConfigurations = (
				3F331A4E1B2C67020055E742 /* Debug */,
				3F331A4F1B2C67020055E742 /* Release */,
			);
			defaultConfigurationIsVisible = 0;
		};
/* End XCConfigurationList section */
	};
	rootObject = 3F331A221B2C67020055E742 /* Project object */;
}
