// !$*UTF8*$!
{
	archiveVersion = 1;
	classes = {
	};
	objectVersion = 46;
	objects = {

/* Begin PBXBuildFile section */
		3F256C321B63E20200B63C07 /* VLDReportsModePickerView.m in Sources */ = {isa = PBXBuildFile; fileRef = 3F256C311B63E20200B63C07 /* VLDReportsModePickerView.m */; };
		3F256C351B64241200B63C07 /* UITableViewCell+VLDAdditions.m in Sources */ = {isa = PBXBuildFile; fileRef = 3F256C341B64241200B63C07 /* UITableViewCell+VLDAdditions.m */; };
		3F331A591B2C67DC0055E742 /* VLDAppDelegate.m in Sources */ = {isa = PBXBuildFile; fileRef = 3F331A581B2C67DC0055E742 /* VLDAppDelegate.m */; };
		3F331A621B2C67E70055E742 /* main.m in Sources */ = {isa = PBXBuildFile; fileRef = 3F331A5D1B2C67E70055E742 /* main.m */; };
		3F331A681B2C68410055E742 /* Images.xcassets in Resources */ = {isa = PBXBuildFile; fileRef = 3F331A651B2C68410055E742 /* Images.xcassets */; };
		3F331A701B2C6AC60055E742 /* Localizable.strings in Resources */ = {isa = PBXBuildFile; fileRef = 3F331A6D1B2C6A350055E742 /* Localizable.strings */; };
		3F331A751B2C75FF0055E742 /* VLDBasicPoint.m in Sources */ = {isa = PBXBuildFile; fileRef = 3F331A741B2C75FF0055E742 /* VLDBasicPoint.m */; };
		3F331A791B2C7C4C0055E742 /* VLDTodayViewController.m in Sources */ = {isa = PBXBuildFile; fileRef = 3F331A781B2C7C4C0055E742 /* VLDTodayViewController.m */; };
		3F331A7D1B2C7EE10055E742 /* VLDRecord.m in Sources */ = {isa = PBXBuildFile; fileRef = 3F331A7C1B2C7EE10055E742 /* VLDRecord.m */; };
		3F331A801B2C81030055E742 /* VLDDailyRecordTableViewCell.m in Sources */ = {isa = PBXBuildFile; fileRef = 3F331A7F1B2C81030055E742 /* VLDDailyRecordTableViewCell.m */; };
		3F331A841B2C84D00055E742 /* VLDDatePickerView.m in Sources */ = {isa = PBXBuildFile; fileRef = 3F331A831B2C84D00055E742 /* VLDDatePickerView.m */; };
		3F331A881B2C925E0055E742 /* NSString+VLDAdditions.m in Sources */ = {isa = PBXBuildFile; fileRef = 3F331A871B2C925E0055E742 /* NSString+VLDAdditions.m */; };
		3F331A8B1B2C971C0055E742 /* VLDRecordNotesPresenter.m in Sources */ = {isa = PBXBuildFile; fileRef = 3F331A8A1B2C971C0055E742 /* VLDRecordNotesPresenter.m */; };
		3F331A921B2CBB8F0055E742 /* VLDWeekViewController.m in Sources */ = {isa = PBXBuildFile; fileRef = 3F331A911B2CBB8F0055E742 /* VLDWeekViewController.m */; };
		3F331A951B2CBBB00055E742 /* VLDDiaryViewController.m in Sources */ = {isa = PBXBuildFile; fileRef = 3F331A941B2CBBB00055E742 /* VLDDiaryViewController.m */; };
		3F331A981B2CBBC40055E742 /* VLDReportsViewController.m in Sources */ = {isa = PBXBuildFile; fileRef = 3F331A971B2CBBC40055E742 /* VLDReportsViewController.m */; };
		3F331A9B1B2CBBD60055E742 /* VLDConfigurationViewController.m in Sources */ = {isa = PBXBuildFile; fileRef = 3F331A9A1B2CBBD60055E742 /* VLDConfigurationViewController.m */; };
		3F331A9E1B2CC3530055E742 /* UIColor+VLDAdditions.m in Sources */ = {isa = PBXBuildFile; fileRef = 3F331A9D1B2CC3530055E742 /* UIColor+VLDAdditions.m */; };
		3F331AA11B2CC8EB0055E742 /* VLDBasicPointsViewController.m in Sources */ = {isa = PBXBuildFile; fileRef = 3F331AA01B2CC8EB0055E742 /* VLDBasicPointsViewController.m */; };
		3F331AA41B2CCCE70055E742 /* VLDBasicPointTableViewCell.m in Sources */ = {isa = PBXBuildFile; fileRef = 3F331AA31B2CCCE70055E742 /* VLDBasicPointTableViewCell.m */; };
		3F331AAA1B2CEAB10055E742 /* VLDBasicPointViewController.m in Sources */ = {isa = PBXBuildFile; fileRef = 3F331AA91B2CEAB10055E742 /* VLDBasicPointViewController.m */; };
		3F42399F1B642C59009B40B5 /* VLDMigrationController.m in Sources */ = {isa = PBXBuildFile; fileRef = 3F42399E1B642C59009B40B5 /* VLDMigrationController.m */; };
		3F4239A21B64350A009B40B5 /* NSCalendar+VLDAdditions.m in Sources */ = {isa = PBXBuildFile; fileRef = 3F4239A11B64350A009B40B5 /* NSCalendar+VLDAdditions.m */; };
		3F4710191B30AB7500DE674F /* Pods-Velad-acknowledgements.plist in Resources */ = {isa = PBXBuildFile; fileRef = 3F4710181B30AB7500DE674F /* Pods-Velad-acknowledgements.plist */; };
		3F517C7F1B357396000A6062 /* VLDReportsViewModel.m in Sources */ = {isa = PBXBuildFile; fileRef = 3F517C7E1B357396000A6062 /* VLDReportsViewModel.m */; };
		3F52978C1B35E6F30006A455 /* NSDate+VLDAdditions.m in Sources */ = {isa = PBXBuildFile; fileRef = 3F52978B1B35E6F30006A455 /* NSDate+VLDAdditions.m */; };
		3F58FE181B6D4FA70031A1F9 /* VLDGroup.m in Sources */ = {isa = PBXBuildFile; fileRef = 3F58FE171B6D4FA70031A1F9 /* VLDGroup.m */; };
		3F58FE1B1B6D52E70031A1F9 /* VLDGroupsViewController.m in Sources */ = {isa = PBXBuildFile; fileRef = 3F58FE1A1B6D52E70031A1F9 /* VLDGroupsViewController.m */; };
		3F58FE1E1B6D54600031A1F9 /* VLDGroupTableViewCell.m in Sources */ = {isa = PBXBuildFile; fileRef = 3F58FE1D1B6D54600031A1F9 /* VLDGroupTableViewCell.m */; };
		3F58FE211B6D60BB0031A1F9 /* VLDSectionsViewModel.m in Sources */ = {isa = PBXBuildFile; fileRef = 3F58FE201B6D60BB0031A1F9 /* VLDSectionsViewModel.m */; };
		3F58FE241B6D662D0031A1F9 /* VLDGroupViewController.m in Sources */ = {isa = PBXBuildFile; fileRef = 3F58FE231B6D662D0031A1F9 /* VLDGroupViewController.m */; };
		3F58FE271B6D7C0A0031A1F9 /* VLDRestoreDataPresenter.m in Sources */ = {isa = PBXBuildFile; fileRef = 3F58FE261B6D7C0A0031A1F9 /* VLDRestoreDataPresenter.m */; };
		3F5D48D01B90EFF50046364F /* VLDNoteFilterViewController.m in Sources */ = {isa = PBXBuildFile; fileRef = 3F5D48CF1B90EFF50046364F /* VLDNoteFilterViewController.m */; };
		3F5D48D31B91052C0046364F /* VLDConfession.m in Sources */ = {isa = PBXBuildFile; fileRef = 3F5D48D21B91052C0046364F /* VLDConfession.m */; };
		3F8738421B35B72E007501F1 /* VLDReportsResultView.m in Sources */ = {isa = PBXBuildFile; fileRef = 3F8738411B35B72E007501F1 /* VLDReportsResultView.m */; };
		3F8738451B35DA8D007501F1 /* VLDEmptyView.m in Sources */ = {isa = PBXBuildFile; fileRef = 3F8738441B35DA8D007501F1 /* VLDEmptyView.m */; };
		3FCBDABC1B2DC20700AE04C0 /* VLDArrowButton.m in Sources */ = {isa = PBXBuildFile; fileRef = 3FCBDABB1B2DC20700AE04C0 /* VLDArrowButton.m */; };
		3FD02C101B2D719C00B82507 /* VLDErrorPresenter.m in Sources */ = {isa = PBXBuildFile; fileRef = 3FD02C0F1B2D719C00B82507 /* VLDErrorPresenter.m */; };
		3FD02C131B2D7C0A00B82507 /* VLDBasicPointAlertViewController.m in Sources */ = {isa = PBXBuildFile; fileRef = 3FD02C121B2D7C0A00B82507 /* VLDBasicPointAlertViewController.m */; };
		3FD02C161B2D878F00B82507 /* VLDNotificationScheduler.m in Sources */ = {isa = PBXBuildFile; fileRef = 3FD02C151B2D878F00B82507 /* VLDNotificationScheduler.m */; };
		3FD02C191B2D8FE000B82507 /* VLDAlert.m in Sources */ = {isa = PBXBuildFile; fileRef = 3FD02C181B2D8FE000B82507 /* VLDAlert.m */; };
		3FD02C1C1B2D940400B82507 /* VLDWeekday.m in Sources */ = {isa = PBXBuildFile; fileRef = 3FD02C1B1B2D940400B82507 /* VLDWeekday.m */; };
		3FD02C1F1B2DAB6400B82507 /* VLDDateIntervalPickerView.m in Sources */ = {isa = PBXBuildFile; fileRef = 3FD02C1E1B2DAB6400B82507 /* VLDDateIntervalPickerView.m */; };
		3FD02C221B2DAE1E00B82507 /* VLDWeekTableViewCell.m in Sources */ = {isa = PBXBuildFile; fileRef = 3FD02C211B2DAE1E00B82507 /* VLDWeekTableViewCell.m */; };
		3FD02C251B2DB20D00B82507 /* VLDWeekViewModel.m in Sources */ = {isa = PBXBuildFile; fileRef = 3FD02C241B2DB20D00B82507 /* VLDWeekViewModel.m */; };
		3FD02C281B2DB97800B82507 /* UIView+VLDAdditions.m in Sources */ = {isa = PBXBuildFile; fileRef = 3FD02C271B2DB97800B82507 /* UIView+VLDAdditions.m */; };
		3FE4C8091B301BDF0061420E /* VLDProfileViewController.m in Sources */ = {isa = PBXBuildFile; fileRef = 3FE4C8081B301BDF0061420E /* VLDProfileViewController.m */; };
		3FE4C80C1B301DED0061420E /* VLDProfile.m in Sources */ = {isa = PBXBuildFile; fileRef = 3FE4C80B1B301DED0061420E /* VLDProfile.m */; };
		3FE4C80F1B30534C0061420E /* VLDDeleteAlertPresenter.m in Sources */ = {isa = PBXBuildFile; fileRef = 3FE4C80E1B30534C0061420E /* VLDDeleteAlertPresenter.m */; };
		3FE4C8121B305A3D0061420E /* VLDSecurityViewController.m in Sources */ = {isa = PBXBuildFile; fileRef = 3FE4C8111B305A3D0061420E /* VLDSecurityViewController.m */; };
		3FE4C8151B305B0E0061420E /* VLDSecurity.m in Sources */ = {isa = PBXBuildFile; fileRef = 3FE4C8141B305B0E0061420E /* VLDSecurity.m */; };
		3FE4C8181B3060B60061420E /* VLDSetActiveSecurityPresenter.m in Sources */ = {isa = PBXBuildFile; fileRef = 3FE4C8171B3060B60061420E /* VLDSetActiveSecurityPresenter.m */; };
		3FE4C81B1B3064D10061420E /* VLDSecurityPasscodeViewController.m in Sources */ = {isa = PBXBuildFile; fileRef = 3FE4C81A1B3064D10061420E /* VLDSecurityPasscodeViewController.m */; };
		3FF1C3F01B64FDB80002A6E5 /* VLDWeekdayArrayValueTrasformer.m in Sources */ = {isa = PBXBuildFile; fileRef = 3FF1C3EF1B64FDB80002A6E5 /* VLDWeekdayArrayValueTrasformer.m */; };
		3FF1C3F31B64FE010002A6E5 /* VLDWeekdayArrayValidator.m in Sources */ = {isa = PBXBuildFile; fileRef = 3FF1C3F21B64FE010002A6E5 /* VLDWeekdayArrayValidator.m */; };
		3FF4D7241B2DF1C3008538DA /* VLDNote.m in Sources */ = {isa = PBXBuildFile; fileRef = 3FF4D7231B2DF1C3008538DA /* VLDNote.m */; };
		3FF4D7271B2DF3B2008538DA /* VLDNoteTableViewCell.m in Sources */ = {isa = PBXBuildFile; fileRef = 3FF4D7261B2DF3B2008538DA /* VLDNoteTableViewCell.m */; };
		3FF4D72A1B2DF599008538DA /* VLDNoteViewController.m in Sources */ = {isa = PBXBuildFile; fileRef = 3FF4D7291B2DF599008538DA /* VLDNoteViewController.m */; };
		3FF4D72D1B2E096E008538DA /* VLDNotesActionsPresenter.m in Sources */ = {isa = PBXBuildFile; fileRef = 3FF4D72C1B2E096E008538DA /* VLDNotesActionsPresenter.m */; };
		6B7629177A08ABC4011E92E8 /* libPods-Velad.a in Frameworks */ = {isa = PBXBuildFile; fileRef = 46AB8B98CC65AB363A395FCC /* libPods-Velad.a */; };
		DA4D89D11BADE61D008A4592 /* NSDateFormatter+VLDAdditions.m in Sources */ = {isa = PBXBuildFile; fileRef = DA4D89D01BADE61D008A4592 /* NSDateFormatter+VLDAdditions.m */; settings = {ASSET_TAGS = (); }; };
		DA7A08E21BB5855A0015C93A /* VLDErrorPresenterTests.swift in Sources */ = {isa = PBXBuildFile; fileRef = DA7A08E11BB5855A0015C93A /* VLDErrorPresenterTests.swift */; settings = {ASSET_TAGS = (); }; };
		DA7A08E31BB586760015C93A /* VLDErrorPresenter.m in Sources */ = {isa = PBXBuildFile; fileRef = 3FD02C0F1B2D719C00B82507 /* VLDErrorPresenter.m */; };
		DA7A09111BB59A660015C93A /* VLDWeekdayArrayValidatorTests.swift in Sources */ = {isa = PBXBuildFile; fileRef = DA7A09101BB59A660015C93A /* VLDWeekdayArrayValidatorTests.swift */; settings = {ASSET_TAGS = (); }; };
		DA7A09121BB59A6E0015C93A /* VLDWeekdayArrayValidator.m in Sources */ = {isa = PBXBuildFile; fileRef = 3FF1C3F21B64FE010002A6E5 /* VLDWeekdayArrayValidator.m */; };
		DA7A09141BB59A7F0015C93A /* libXLForm.a in Frameworks */ = {isa = PBXBuildFile; fileRef = DA7A09131BB59A7F0015C93A /* libXLForm.a */; };
		DA83C7671BB5B8F700C1E05A /* VLDSectionsViewModelTests.swift in Sources */ = {isa = PBXBuildFile; fileRef = DA83C7661BB5B8F700C1E05A /* VLDSectionsViewModelTests.swift */; settings = {ASSET_TAGS = (); }; };
		DA83C7681BB5BBC100C1E05A /* VLDSectionsViewModel.m in Sources */ = {isa = PBXBuildFile; fileRef = 3F58FE201B6D60BB0031A1F9 /* VLDSectionsViewModel.m */; };
		DA83C7791BB5BE2600C1E05A /* Nimble.framework in CopyFiles */ = {isa = PBXBuildFile; fileRef = DAA8731C1BB411E400A443F2 /* Nimble.framework */; settings = {ATTRIBUTES = (CodeSignOnCopy, RemoveHeadersOnCopy, ); }; };
		DA83C77A1BB5BE2C00C1E05A /* Quick.framework in CopyFiles */ = {isa = PBXBuildFile; fileRef = DAA8731D1BB411E400A443F2 /* Quick.framework */; settings = {ATTRIBUTES = (CodeSignOnCopy, RemoveHeadersOnCopy, ); }; };
		DA83C77C1BB5BE5B00C1E05A /* VLDDatePickerViewTests.swift in Sources */ = {isa = PBXBuildFile; fileRef = DA83C77B1BB5BE5B00C1E05A /* VLDDatePickerViewTests.swift */; settings = {ASSET_TAGS = (); }; };
		DA83C7861BB5C08800C1E05A /* FBSnapshotTestCase.framework in CopyFiles */ = {isa = PBXBuildFile; fileRef = DA83C7851BB5C08800C1E05A /* FBSnapshotTestCase.framework */; settings = {ATTRIBUTES = (CodeSignOnCopy, RemoveHeadersOnCopy, ); }; };
		DA83C7871BB5C08E00C1E05A /* FBSnapshotTestCase.framework in Frameworks */ = {isa = PBXBuildFile; fileRef = DA83C7851BB5C08800C1E05A /* FBSnapshotTestCase.framework */; };
		DA83C78F1BB5D34200C1E05A /* libMasonry.a in Frameworks */ = {isa = PBXBuildFile; fileRef = DA83C78E1BB5D34200C1E05A /* libMasonry.a */; };
		DAA250681BA76EBC00C81F12 /* VLDEncouragementAlertPresenter.m in Sources */ = {isa = PBXBuildFile; fileRef = DAA250671BA76EBC00C81F12 /* VLDEncouragementAlertPresenter.m */; settings = {ASSET_TAGS = (); }; };
		DAA873171BB40D4400A443F2 /* VLDWeekdayArrayValueTransformerTests.swift in Sources */ = {isa = PBXBuildFile; fileRef = DAA873161BB40D4400A443F2 /* VLDWeekdayArrayValueTransformerTests.swift */; settings = {ASSET_TAGS = (); }; };
		DAA873191BB40F3200A443F2 /* VLDWeekdayArrayValueTrasformer.m in Sources */ = {isa = PBXBuildFile; fileRef = 3FF1C3EF1B64FDB80002A6E5 /* VLDWeekdayArrayValueTrasformer.m */; };
		DAA8731E1BB411E400A443F2 /* Nimble.framework in Frameworks */ = {isa = PBXBuildFile; fileRef = DAA8731C1BB411E400A443F2 /* Nimble.framework */; };
		DAA8731F1BB411E400A443F2 /* Quick.framework in Frameworks */ = {isa = PBXBuildFile; fileRef = DAA8731D1BB411E400A443F2 /* Quick.framework */; };
/* End PBXBuildFile section */

/* Begin PBXContainerItemProxy section */
		DA83C7721BB5BD7900C1E05A /* PBXContainerItemProxy */ = {
			isa = PBXContainerItemProxy;
			containerPortal = 3F331A221B2C67020055E742 /* Project object */;
			proxyType = 1;
			remoteGlobalIDString = 3F331A291B2C67020055E742;
			remoteInfo = Velad;
		};
/* End PBXContainerItemProxy section */

/* Begin PBXCopyFilesBuildPhase section */
		DA83C7821BB5BE9400C1E05A /* CopyFiles */ = {
			isa = PBXCopyFilesBuildPhase;
			buildActionMask = 2147483647;
			dstPath = "";
			dstSubfolderSpec = 10;
			files = (
				DA83C7861BB5C08800C1E05A /* FBSnapshotTestCase.framework in CopyFiles */,
			);
			runOnlyForDeploymentPostprocessing = 0;
		};
		DAA873201BB412CE00A443F2 /* CopyFiles */ = {
			isa = PBXCopyFilesBuildPhase;
			buildActionMask = 2147483647;
			dstPath = "";
			dstSubfolderSpec = 10;
			files = (
				DA83C77A1BB5BE2C00C1E05A /* Quick.framework in CopyFiles */,
				DA83C7791BB5BE2600C1E05A /* Nimble.framework in CopyFiles */,
			);
			runOnlyForDeploymentPostprocessing = 0;
		};
/* End PBXCopyFilesBuildPhase section */

/* Begin PBXFileReference section */
		242A4A03FF34540136584E3D /* Pods-Velad.debug.xcconfig */ = {isa = PBXFileReference; includeInIndex = 1; lastKnownFileType = text.xcconfig; name = "Pods-Velad.debug.xcconfig"; path = "Pods/Target Support Files/Pods-Velad/Pods-Velad.debug.xcconfig"; sourceTree = "<group>"; };
		327509EF0CA8E04A6C1F47D7 /* Pods-Velad.release.xcconfig */ = {isa = PBXFileReference; includeInIndex = 1; lastKnownFileType = text.xcconfig; name = "Pods-Velad.release.xcconfig"; path = "Pods/Target Support Files/Pods-Velad/Pods-Velad.release.xcconfig"; sourceTree = "<group>"; };
		3F256C301B63E20200B63C07 /* VLDReportsModePickerView.h */ = {isa = PBXFileReference; fileEncoding = 4; lastKnownFileType = sourcecode.c.h; name = VLDReportsModePickerView.h; path = Source/VLDReportsModePickerView.h; sourceTree = "<group>"; };
		3F256C311B63E20200B63C07 /* VLDReportsModePickerView.m */ = {isa = PBXFileReference; fileEncoding = 4; lastKnownFileType = sourcecode.c.objc; name = VLDReportsModePickerView.m; path = Source/VLDReportsModePickerView.m; sourceTree = "<group>"; };
		3F256C331B64241200B63C07 /* UITableViewCell+VLDAdditions.h */ = {isa = PBXFileReference; fileEncoding = 4; lastKnownFileType = sourcecode.c.h; name = "UITableViewCell+VLDAdditions.h"; path = "Source/UITableViewCell+VLDAdditions.h"; sourceTree = "<group>"; };
		3F256C341B64241200B63C07 /* UITableViewCell+VLDAdditions.m */ = {isa = PBXFileReference; fileEncoding = 4; lastKnownFileType = sourcecode.c.objc; name = "UITableViewCell+VLDAdditions.m"; path = "Source/UITableViewCell+VLDAdditions.m"; sourceTree = "<group>"; };
		3F331A2A1B2C67020055E742 /* Velad.app */ = {isa = PBXFileReference; explicitFileType = wrapper.application; includeInIndex = 0; path = Velad.app; sourceTree = BUILT_PRODUCTS_DIR; };
		3F331A571B2C67DC0055E742 /* VLDAppDelegate.h */ = {isa = PBXFileReference; fileEncoding = 4; lastKnownFileType = sourcecode.c.h; name = VLDAppDelegate.h; path = Source/VLDAppDelegate.h; sourceTree = "<group>"; };
		3F331A581B2C67DC0055E742 /* VLDAppDelegate.m */ = {isa = PBXFileReference; fileEncoding = 4; lastKnownFileType = sourcecode.c.objc; name = VLDAppDelegate.m; path = Source/VLDAppDelegate.m; sourceTree = "<group>"; };
		3F331A5B1B2C67E70055E742 /* Info.plist */ = {isa = PBXFileReference; fileEncoding = 4; lastKnownFileType = text.plist.xml; name = Info.plist; path = Support/Info.plist; sourceTree = "<group>"; };
		3F331A5D1B2C67E70055E742 /* main.m */ = {isa = PBXFileReference; fileEncoding = 4; lastKnownFileType = sourcecode.c.objc; name = main.m; path = Support/main.m; sourceTree = "<group>"; };
		3F331A651B2C68410055E742 /* Images.xcassets */ = {isa = PBXFileReference; lastKnownFileType = folder.assetcatalog; name = Images.xcassets; path = Assets/Images.xcassets; sourceTree = "<group>"; };
		3F331A6E1B2C6A350055E742 /* es */ = {isa = PBXFileReference; lastKnownFileType = text.plist.strings; name = es; path = Assets/es.lproj/Localizable.strings; sourceTree = "<group>"; };
		3F331A731B2C75FF0055E742 /* VLDBasicPoint.h */ = {isa = PBXFileReference; fileEncoding = 4; lastKnownFileType = sourcecode.c.h; name = VLDBasicPoint.h; path = Source/VLDBasicPoint.h; sourceTree = "<group>"; };
		3F331A741B2C75FF0055E742 /* VLDBasicPoint.m */ = {isa = PBXFileReference; fileEncoding = 4; lastKnownFileType = sourcecode.c.objc; name = VLDBasicPoint.m; path = Source/VLDBasicPoint.m; sourceTree = "<group>"; };
		3F331A771B2C7C4C0055E742 /* VLDTodayViewController.h */ = {isa = PBXFileReference; fileEncoding = 4; lastKnownFileType = sourcecode.c.h; name = VLDTodayViewController.h; path = Source/VLDTodayViewController.h; sourceTree = "<group>"; };
		3F331A781B2C7C4C0055E742 /* VLDTodayViewController.m */ = {isa = PBXFileReference; fileEncoding = 4; lastKnownFileType = sourcecode.c.objc; name = VLDTodayViewController.m; path = Source/VLDTodayViewController.m; sourceTree = "<group>"; };
		3F331A7B1B2C7EE10055E742 /* VLDRecord.h */ = {isa = PBXFileReference; fileEncoding = 4; lastKnownFileType = sourcecode.c.h; name = VLDRecord.h; path = Source/VLDRecord.h; sourceTree = "<group>"; };
		3F331A7C1B2C7EE10055E742 /* VLDRecord.m */ = {isa = PBXFileReference; fileEncoding = 4; lastKnownFileType = sourcecode.c.objc; name = VLDRecord.m; path = Source/VLDRecord.m; sourceTree = "<group>"; };
		3F331A7E1B2C81030055E742 /* VLDDailyRecordTableViewCell.h */ = {isa = PBXFileReference; fileEncoding = 4; lastKnownFileType = sourcecode.c.h; name = VLDDailyRecordTableViewCell.h; path = Source/VLDDailyRecordTableViewCell.h; sourceTree = "<group>"; };
		3F331A7F1B2C81030055E742 /* VLDDailyRecordTableViewCell.m */ = {isa = PBXFileReference; fileEncoding = 4; lastKnownFileType = sourcecode.c.objc; name = VLDDailyRecordTableViewCell.m; path = Source/VLDDailyRecordTableViewCell.m; sourceTree = "<group>"; };
		3F331A821B2C84D00055E742 /* VLDDatePickerView.h */ = {isa = PBXFileReference; fileEncoding = 4; lastKnownFileType = sourcecode.c.h; name = VLDDatePickerView.h; path = Source/VLDDatePickerView.h; sourceTree = "<group>"; };
		3F331A831B2C84D00055E742 /* VLDDatePickerView.m */ = {isa = PBXFileReference; fileEncoding = 4; lastKnownFileType = sourcecode.c.objc; name = VLDDatePickerView.m; path = Source/VLDDatePickerView.m; sourceTree = "<group>"; };
		3F331A861B2C925E0055E742 /* NSString+VLDAdditions.h */ = {isa = PBXFileReference; fileEncoding = 4; lastKnownFileType = sourcecode.c.h; name = "NSString+VLDAdditions.h"; path = "Source/NSString+VLDAdditions.h"; sourceTree = "<group>"; };
		3F331A871B2C925E0055E742 /* NSString+VLDAdditions.m */ = {isa = PBXFileReference; fileEncoding = 4; lastKnownFileType = sourcecode.c.objc; name = "NSString+VLDAdditions.m"; path = "Source/NSString+VLDAdditions.m"; sourceTree = "<group>"; };
		3F331A891B2C971C0055E742 /* VLDRecordNotesPresenter.h */ = {isa = PBXFileReference; fileEncoding = 4; lastKnownFileType = sourcecode.c.h; name = VLDRecordNotesPresenter.h; path = Source/VLDRecordNotesPresenter.h; sourceTree = "<group>"; };
		3F331A8A1B2C971C0055E742 /* VLDRecordNotesPresenter.m */ = {isa = PBXFileReference; fileEncoding = 4; lastKnownFileType = sourcecode.c.objc; name = VLDRecordNotesPresenter.m; path = Source/VLDRecordNotesPresenter.m; sourceTree = "<group>"; };
		3F331A901B2CBB8F0055E742 /* VLDWeekViewController.h */ = {isa = PBXFileReference; fileEncoding = 4; lastKnownFileType = sourcecode.c.h; name = VLDWeekViewController.h; path = Source/VLDWeekViewController.h; sourceTree = "<group>"; };
		3F331A911B2CBB8F0055E742 /* VLDWeekViewController.m */ = {isa = PBXFileReference; fileEncoding = 4; lastKnownFileType = sourcecode.c.objc; name = VLDWeekViewController.m; path = Source/VLDWeekViewController.m; sourceTree = "<group>"; };
		3F331A931B2CBBB00055E742 /* VLDDiaryViewController.h */ = {isa = PBXFileReference; fileEncoding = 4; lastKnownFileType = sourcecode.c.h; name = VLDDiaryViewController.h; path = Source/VLDDiaryViewController.h; sourceTree = "<group>"; };
		3F331A941B2CBBB00055E742 /* VLDDiaryViewController.m */ = {isa = PBXFileReference; fileEncoding = 4; lastKnownFileType = sourcecode.c.objc; name = VLDDiaryViewController.m; path = Source/VLDDiaryViewController.m; sourceTree = "<group>"; };
		3F331A961B2CBBC40055E742 /* VLDReportsViewController.h */ = {isa = PBXFileReference; fileEncoding = 4; lastKnownFileType = sourcecode.c.h; name = VLDReportsViewController.h; path = Source/VLDReportsViewController.h; sourceTree = "<group>"; };
		3F331A971B2CBBC40055E742 /* VLDReportsViewController.m */ = {isa = PBXFileReference; fileEncoding = 4; lastKnownFileType = sourcecode.c.objc; name = VLDReportsViewController.m; path = Source/VLDReportsViewController.m; sourceTree = "<group>"; };
		3F331A991B2CBBD60055E742 /* VLDConfigurationViewController.h */ = {isa = PBXFileReference; fileEncoding = 4; lastKnownFileType = sourcecode.c.h; name = VLDConfigurationViewController.h; path = Source/VLDConfigurationViewController.h; sourceTree = "<group>"; };
		3F331A9A1B2CBBD60055E742 /* VLDConfigurationViewController.m */ = {isa = PBXFileReference; fileEncoding = 4; lastKnownFileType = sourcecode.c.objc; name = VLDConfigurationViewController.m; path = Source/VLDConfigurationViewController.m; sourceTree = "<group>"; };
		3F331A9C1B2CC3530055E742 /* UIColor+VLDAdditions.h */ = {isa = PBXFileReference; fileEncoding = 4; lastKnownFileType = sourcecode.c.h; name = "UIColor+VLDAdditions.h"; path = "Source/UIColor+VLDAdditions.h"; sourceTree = "<group>"; };
		3F331A9D1B2CC3530055E742 /* UIColor+VLDAdditions.m */ = {isa = PBXFileReference; fileEncoding = 4; lastKnownFileType = sourcecode.c.objc; name = "UIColor+VLDAdditions.m"; path = "Source/UIColor+VLDAdditions.m"; sourceTree = "<group>"; };
		3F331A9F1B2CC8EB0055E742 /* VLDBasicPointsViewController.h */ = {isa = PBXFileReference; fileEncoding = 4; lastKnownFileType = sourcecode.c.h; name = VLDBasicPointsViewController.h; path = Source/VLDBasicPointsViewController.h; sourceTree = "<group>"; };
		3F331AA01B2CC8EB0055E742 /* VLDBasicPointsViewController.m */ = {isa = PBXFileReference; fileEncoding = 4; lastKnownFileType = sourcecode.c.objc; name = VLDBasicPointsViewController.m; path = Source/VLDBasicPointsViewController.m; sourceTree = "<group>"; };
		3F331AA21B2CCCE70055E742 /* VLDBasicPointTableViewCell.h */ = {isa = PBXFileReference; fileEncoding = 4; lastKnownFileType = sourcecode.c.h; name = VLDBasicPointTableViewCell.h; path = Source/VLDBasicPointTableViewCell.h; sourceTree = "<group>"; };
		3F331AA31B2CCCE70055E742 /* VLDBasicPointTableViewCell.m */ = {isa = PBXFileReference; fileEncoding = 4; lastKnownFileType = sourcecode.c.objc; name = VLDBasicPointTableViewCell.m; path = Source/VLDBasicPointTableViewCell.m; sourceTree = "<group>"; };
		3F331AA81B2CEAB10055E742 /* VLDBasicPointViewController.h */ = {isa = PBXFileReference; fileEncoding = 4; lastKnownFileType = sourcecode.c.h; name = VLDBasicPointViewController.h; path = Source/VLDBasicPointViewController.h; sourceTree = "<group>"; };
		3F331AA91B2CEAB10055E742 /* VLDBasicPointViewController.m */ = {isa = PBXFileReference; fileEncoding = 4; lastKnownFileType = sourcecode.c.objc; name = VLDBasicPointViewController.m; path = Source/VLDBasicPointViewController.m; sourceTree = "<group>"; };
		3F42399D1B642C59009B40B5 /* VLDMigrationController.h */ = {isa = PBXFileReference; fileEncoding = 4; lastKnownFileType = sourcecode.c.h; name = VLDMigrationController.h; path = Source/VLDMigrationController.h; sourceTree = "<group>"; };
		3F42399E1B642C59009B40B5 /* VLDMigrationController.m */ = {isa = PBXFileReference; fileEncoding = 4; lastKnownFileType = sourcecode.c.objc; name = VLDMigrationController.m; path = Source/VLDMigrationController.m; sourceTree = "<group>"; };
		3F4239A01B64350A009B40B5 /* NSCalendar+VLDAdditions.h */ = {isa = PBXFileReference; fileEncoding = 4; lastKnownFileType = sourcecode.c.h; name = "NSCalendar+VLDAdditions.h"; path = "Source/NSCalendar+VLDAdditions.h"; sourceTree = "<group>"; };
		3F4239A11B64350A009B40B5 /* NSCalendar+VLDAdditions.m */ = {isa = PBXFileReference; fileEncoding = 4; lastKnownFileType = sourcecode.c.objc; name = "NSCalendar+VLDAdditions.m"; path = "Source/NSCalendar+VLDAdditions.m"; sourceTree = "<group>"; };
		3F4710181B30AB7500DE674F /* Pods-Velad-acknowledgements.plist */ = {isa = PBXFileReference; fileEncoding = 4; lastKnownFileType = text.plist.xml; name = "Pods-Velad-acknowledgements.plist"; path = "Pods/Target Support Files/Pods-Velad/Pods-Velad-acknowledgements.plist"; sourceTree = SOURCE_ROOT; };
		3F517C7D1B357396000A6062 /* VLDReportsViewModel.h */ = {isa = PBXFileReference; fileEncoding = 4; lastKnownFileType = sourcecode.c.h; name = VLDReportsViewModel.h; path = Source/VLDReportsViewModel.h; sourceTree = "<group>"; };
		3F517C7E1B357396000A6062 /* VLDReportsViewModel.m */ = {isa = PBXFileReference; fileEncoding = 4; lastKnownFileType = sourcecode.c.objc; name = VLDReportsViewModel.m; path = Source/VLDReportsViewModel.m; sourceTree = "<group>"; };
		3F52978A1B35E6F30006A455 /* NSDate+VLDAdditions.h */ = {isa = PBXFileReference; fileEncoding = 4; lastKnownFileType = sourcecode.c.h; name = "NSDate+VLDAdditions.h"; path = "Source/NSDate+VLDAdditions.h"; sourceTree = "<group>"; };
		3F52978B1B35E6F30006A455 /* NSDate+VLDAdditions.m */ = {isa = PBXFileReference; fileEncoding = 4; lastKnownFileType = sourcecode.c.objc; name = "NSDate+VLDAdditions.m"; path = "Source/NSDate+VLDAdditions.m"; sourceTree = "<group>"; };
		3F58FE161B6D4FA70031A1F9 /* VLDGroup.h */ = {isa = PBXFileReference; fileEncoding = 4; lastKnownFileType = sourcecode.c.h; name = VLDGroup.h; path = Source/VLDGroup.h; sourceTree = "<group>"; };
		3F58FE171B6D4FA70031A1F9 /* VLDGroup.m */ = {isa = PBXFileReference; fileEncoding = 4; lastKnownFileType = sourcecode.c.objc; name = VLDGroup.m; path = Source/VLDGroup.m; sourceTree = "<group>"; };
		3F58FE191B6D52E70031A1F9 /* VLDGroupsViewController.h */ = {isa = PBXFileReference; fileEncoding = 4; lastKnownFileType = sourcecode.c.h; name = VLDGroupsViewController.h; path = Source/VLDGroupsViewController.h; sourceTree = "<group>"; };
		3F58FE1A1B6D52E70031A1F9 /* VLDGroupsViewController.m */ = {isa = PBXFileReference; fileEncoding = 4; lastKnownFileType = sourcecode.c.objc; name = VLDGroupsViewController.m; path = Source/VLDGroupsViewController.m; sourceTree = "<group>"; };
		3F58FE1C1B6D54600031A1F9 /* VLDGroupTableViewCell.h */ = {isa = PBXFileReference; fileEncoding = 4; lastKnownFileType = sourcecode.c.h; name = VLDGroupTableViewCell.h; path = Source/VLDGroupTableViewCell.h; sourceTree = "<group>"; };
		3F58FE1D1B6D54600031A1F9 /* VLDGroupTableViewCell.m */ = {isa = PBXFileReference; fileEncoding = 4; lastKnownFileType = sourcecode.c.objc; name = VLDGroupTableViewCell.m; path = Source/VLDGroupTableViewCell.m; sourceTree = "<group>"; };
		3F58FE1F1B6D60BB0031A1F9 /* VLDSectionsViewModel.h */ = {isa = PBXFileReference; fileEncoding = 4; lastKnownFileType = sourcecode.c.h; name = VLDSectionsViewModel.h; path = Source/VLDSectionsViewModel.h; sourceTree = "<group>"; };
		3F58FE201B6D60BB0031A1F9 /* VLDSectionsViewModel.m */ = {isa = PBXFileReference; fileEncoding = 4; lastKnownFileType = sourcecode.c.objc; name = VLDSectionsViewModel.m; path = Source/VLDSectionsViewModel.m; sourceTree = "<group>"; };
		3F58FE221B6D662D0031A1F9 /* VLDGroupViewController.h */ = {isa = PBXFileReference; fileEncoding = 4; lastKnownFileType = sourcecode.c.h; name = VLDGroupViewController.h; path = Source/VLDGroupViewController.h; sourceTree = "<group>"; };
		3F58FE231B6D662D0031A1F9 /* VLDGroupViewController.m */ = {isa = PBXFileReference; fileEncoding = 4; lastKnownFileType = sourcecode.c.objc; name = VLDGroupViewController.m; path = Source/VLDGroupViewController.m; sourceTree = "<group>"; };
		3F58FE251B6D7C0A0031A1F9 /* VLDRestoreDataPresenter.h */ = {isa = PBXFileReference; fileEncoding = 4; lastKnownFileType = sourcecode.c.h; name = VLDRestoreDataPresenter.h; path = Source/VLDRestoreDataPresenter.h; sourceTree = "<group>"; };
		3F58FE261B6D7C0A0031A1F9 /* VLDRestoreDataPresenter.m */ = {isa = PBXFileReference; fileEncoding = 4; lastKnownFileType = sourcecode.c.objc; name = VLDRestoreDataPresenter.m; path = Source/VLDRestoreDataPresenter.m; sourceTree = "<group>"; };
		3F5D48CE1B90EFF50046364F /* VLDNoteFilterViewController.h */ = {isa = PBXFileReference; fileEncoding = 4; lastKnownFileType = sourcecode.c.h; name = VLDNoteFilterViewController.h; path = Source/VLDNoteFilterViewController.h; sourceTree = "<group>"; };
		3F5D48CF1B90EFF50046364F /* VLDNoteFilterViewController.m */ = {isa = PBXFileReference; fileEncoding = 4; lastKnownFileType = sourcecode.c.objc; name = VLDNoteFilterViewController.m; path = Source/VLDNoteFilterViewController.m; sourceTree = "<group>"; };
		3F5D48D11B91052C0046364F /* VLDConfession.h */ = {isa = PBXFileReference; fileEncoding = 4; lastKnownFileType = sourcecode.c.h; name = VLDConfession.h; path = Source/VLDConfession.h; sourceTree = "<group>"; };
		3F5D48D21B91052C0046364F /* VLDConfession.m */ = {isa = PBXFileReference; fileEncoding = 4; lastKnownFileType = sourcecode.c.objc; name = VLDConfession.m; path = Source/VLDConfession.m; sourceTree = "<group>"; };
		3F8738401B35B72E007501F1 /* VLDReportsResultView.h */ = {isa = PBXFileReference; fileEncoding = 4; lastKnownFileType = sourcecode.c.h; name = VLDReportsResultView.h; path = Source/VLDReportsResultView.h; sourceTree = "<group>"; };
		3F8738411B35B72E007501F1 /* VLDReportsResultView.m */ = {isa = PBXFileReference; fileEncoding = 4; lastKnownFileType = sourcecode.c.objc; name = VLDReportsResultView.m; path = Source/VLDReportsResultView.m; sourceTree = "<group>"; };
		3F8738431B35DA8D007501F1 /* VLDEmptyView.h */ = {isa = PBXFileReference; fileEncoding = 4; lastKnownFileType = sourcecode.c.h; name = VLDEmptyView.h; path = Source/VLDEmptyView.h; sourceTree = "<group>"; };
		3F8738441B35DA8D007501F1 /* VLDEmptyView.m */ = {isa = PBXFileReference; fileEncoding = 4; lastKnownFileType = sourcecode.c.objc; name = VLDEmptyView.m; path = Source/VLDEmptyView.m; sourceTree = "<group>"; };
		3FCBDABA1B2DC20700AE04C0 /* VLDArrowButton.h */ = {isa = PBXFileReference; fileEncoding = 4; lastKnownFileType = sourcecode.c.h; name = VLDArrowButton.h; path = Source/VLDArrowButton.h; sourceTree = "<group>"; };
		3FCBDABB1B2DC20700AE04C0 /* VLDArrowButton.m */ = {isa = PBXFileReference; fileEncoding = 4; lastKnownFileType = sourcecode.c.objc; name = VLDArrowButton.m; path = Source/VLDArrowButton.m; sourceTree = "<group>"; };
		3FD02C0E1B2D719C00B82507 /* VLDErrorPresenter.h */ = {isa = PBXFileReference; fileEncoding = 4; lastKnownFileType = sourcecode.c.h; name = VLDErrorPresenter.h; path = Source/VLDErrorPresenter.h; sourceTree = "<group>"; };
		3FD02C0F1B2D719C00B82507 /* VLDErrorPresenter.m */ = {isa = PBXFileReference; fileEncoding = 4; lastKnownFileType = sourcecode.c.objc; name = VLDErrorPresenter.m; path = Source/VLDErrorPresenter.m; sourceTree = "<group>"; };
		3FD02C111B2D7C0A00B82507 /* VLDBasicPointAlertViewController.h */ = {isa = PBXFileReference; fileEncoding = 4; lastKnownFileType = sourcecode.c.h; name = VLDBasicPointAlertViewController.h; path = Source/VLDBasicPointAlertViewController.h; sourceTree = "<group>"; };
		3FD02C121B2D7C0A00B82507 /* VLDBasicPointAlertViewController.m */ = {isa = PBXFileReference; fileEncoding = 4; lastKnownFileType = sourcecode.c.objc; name = VLDBasicPointAlertViewController.m; path = Source/VLDBasicPointAlertViewController.m; sourceTree = "<group>"; };
		3FD02C141B2D878F00B82507 /* VLDNotificationScheduler.h */ = {isa = PBXFileReference; fileEncoding = 4; lastKnownFileType = sourcecode.c.h; name = VLDNotificationScheduler.h; path = Source/VLDNotificationScheduler.h; sourceTree = "<group>"; };
		3FD02C151B2D878F00B82507 /* VLDNotificationScheduler.m */ = {isa = PBXFileReference; fileEncoding = 4; lastKnownFileType = sourcecode.c.objc; name = VLDNotificationScheduler.m; path = Source/VLDNotificationScheduler.m; sourceTree = "<group>"; };
		3FD02C171B2D8FE000B82507 /* VLDAlert.h */ = {isa = PBXFileReference; fileEncoding = 4; lastKnownFileType = sourcecode.c.h; name = VLDAlert.h; path = Source/VLDAlert.h; sourceTree = "<group>"; };
		3FD02C181B2D8FE000B82507 /* VLDAlert.m */ = {isa = PBXFileReference; fileEncoding = 4; lastKnownFileType = sourcecode.c.objc; name = VLDAlert.m; path = Source/VLDAlert.m; sourceTree = "<group>"; };
		3FD02C1A1B2D940400B82507 /* VLDWeekday.h */ = {isa = PBXFileReference; fileEncoding = 4; lastKnownFileType = sourcecode.c.h; name = VLDWeekday.h; path = Source/VLDWeekday.h; sourceTree = "<group>"; };
		3FD02C1B1B2D940400B82507 /* VLDWeekday.m */ = {isa = PBXFileReference; fileEncoding = 4; lastKnownFileType = sourcecode.c.objc; name = VLDWeekday.m; path = Source/VLDWeekday.m; sourceTree = "<group>"; };
		3FD02C1D1B2DAB6400B82507 /* VLDDateIntervalPickerView.h */ = {isa = PBXFileReference; fileEncoding = 4; lastKnownFileType = sourcecode.c.h; name = VLDDateIntervalPickerView.h; path = Source/VLDDateIntervalPickerView.h; sourceTree = "<group>"; };
		3FD02C1E1B2DAB6400B82507 /* VLDDateIntervalPickerView.m */ = {isa = PBXFileReference; fileEncoding = 4; lastKnownFileType = sourcecode.c.objc; name = VLDDateIntervalPickerView.m; path = Source/VLDDateIntervalPickerView.m; sourceTree = "<group>"; };
		3FD02C201B2DAE1E00B82507 /* VLDWeekTableViewCell.h */ = {isa = PBXFileReference; fileEncoding = 4; lastKnownFileType = sourcecode.c.h; name = VLDWeekTableViewCell.h; path = Source/VLDWeekTableViewCell.h; sourceTree = "<group>"; };
		3FD02C211B2DAE1E00B82507 /* VLDWeekTableViewCell.m */ = {isa = PBXFileReference; fileEncoding = 4; lastKnownFileType = sourcecode.c.objc; name = VLDWeekTableViewCell.m; path = Source/VLDWeekTableViewCell.m; sourceTree = "<group>"; };
		3FD02C231B2DB20D00B82507 /* VLDWeekViewModel.h */ = {isa = PBXFileReference; fileEncoding = 4; lastKnownFileType = sourcecode.c.h; name = VLDWeekViewModel.h; path = Source/VLDWeekViewModel.h; sourceTree = "<group>"; };
		3FD02C241B2DB20D00B82507 /* VLDWeekViewModel.m */ = {isa = PBXFileReference; fileEncoding = 4; lastKnownFileType = sourcecode.c.objc; name = VLDWeekViewModel.m; path = Source/VLDWeekViewModel.m; sourceTree = "<group>"; };
		3FD02C261B2DB97800B82507 /* UIView+VLDAdditions.h */ = {isa = PBXFileReference; fileEncoding = 4; lastKnownFileType = sourcecode.c.h; name = "UIView+VLDAdditions.h"; path = "Source/UIView+VLDAdditions.h"; sourceTree = "<group>"; };
		3FD02C271B2DB97800B82507 /* UIView+VLDAdditions.m */ = {isa = PBXFileReference; fileEncoding = 4; lastKnownFileType = sourcecode.c.objc; name = "UIView+VLDAdditions.m"; path = "Source/UIView+VLDAdditions.m"; sourceTree = "<group>"; };
		3FE4C8071B301BDF0061420E /* VLDProfileViewController.h */ = {isa = PBXFileReference; fileEncoding = 4; lastKnownFileType = sourcecode.c.h; name = VLDProfileViewController.h; path = Source/VLDProfileViewController.h; sourceTree = "<group>"; };
		3FE4C8081B301BDF0061420E /* VLDProfileViewController.m */ = {isa = PBXFileReference; fileEncoding = 4; lastKnownFileType = sourcecode.c.objc; name = VLDProfileViewController.m; path = Source/VLDProfileViewController.m; sourceTree = "<group>"; };
		3FE4C80A1B301DED0061420E /* VLDProfile.h */ = {isa = PBXFileReference; fileEncoding = 4; lastKnownFileType = sourcecode.c.h; name = VLDProfile.h; path = Source/VLDProfile.h; sourceTree = "<group>"; };
		3FE4C80B1B301DED0061420E /* VLDProfile.m */ = {isa = PBXFileReference; fileEncoding = 4; lastKnownFileType = sourcecode.c.objc; name = VLDProfile.m; path = Source/VLDProfile.m; sourceTree = "<group>"; };
		3FE4C80D1B30534C0061420E /* VLDDeleteAlertPresenter.h */ = {isa = PBXFileReference; fileEncoding = 4; lastKnownFileType = sourcecode.c.h; name = VLDDeleteAlertPresenter.h; path = Source/VLDDeleteAlertPresenter.h; sourceTree = "<group>"; };
		3FE4C80E1B30534C0061420E /* VLDDeleteAlertPresenter.m */ = {isa = PBXFileReference; fileEncoding = 4; lastKnownFileType = sourcecode.c.objc; name = VLDDeleteAlertPresenter.m; path = Source/VLDDeleteAlertPresenter.m; sourceTree = "<group>"; };
		3FE4C8101B305A3D0061420E /* VLDSecurityViewController.h */ = {isa = PBXFileReference; fileEncoding = 4; lastKnownFileType = sourcecode.c.h; name = VLDSecurityViewController.h; path = Source/VLDSecurityViewController.h; sourceTree = "<group>"; };
		3FE4C8111B305A3D0061420E /* VLDSecurityViewController.m */ = {isa = PBXFileReference; fileEncoding = 4; lastKnownFileType = sourcecode.c.objc; name = VLDSecurityViewController.m; path = Source/VLDSecurityViewController.m; sourceTree = "<group>"; };
		3FE4C8131B305B0E0061420E /* VLDSecurity.h */ = {isa = PBXFileReference; fileEncoding = 4; lastKnownFileType = sourcecode.c.h; name = VLDSecurity.h; path = Source/VLDSecurity.h; sourceTree = "<group>"; };
		3FE4C8141B305B0E0061420E /* VLDSecurity.m */ = {isa = PBXFileReference; fileEncoding = 4; lastKnownFileType = sourcecode.c.objc; name = VLDSecurity.m; path = Source/VLDSecurity.m; sourceTree = "<group>"; };
		3FE4C8161B3060B60061420E /* VLDSetActiveSecurityPresenter.h */ = {isa = PBXFileReference; fileEncoding = 4; lastKnownFileType = sourcecode.c.h; name = VLDSetActiveSecurityPresenter.h; path = Source/VLDSetActiveSecurityPresenter.h; sourceTree = "<group>"; };
		3FE4C8171B3060B60061420E /* VLDSetActiveSecurityPresenter.m */ = {isa = PBXFileReference; fileEncoding = 4; lastKnownFileType = sourcecode.c.objc; name = VLDSetActiveSecurityPresenter.m; path = Source/VLDSetActiveSecurityPresenter.m; sourceTree = "<group>"; };
		3FE4C8191B3064D10061420E /* VLDSecurityPasscodeViewController.h */ = {isa = PBXFileReference; fileEncoding = 4; lastKnownFileType = sourcecode.c.h; name = VLDSecurityPasscodeViewController.h; path = Source/VLDSecurityPasscodeViewController.h; sourceTree = "<group>"; };
		3FE4C81A1B3064D10061420E /* VLDSecurityPasscodeViewController.m */ = {isa = PBXFileReference; fileEncoding = 4; lastKnownFileType = sourcecode.c.objc; name = VLDSecurityPasscodeViewController.m; path = Source/VLDSecurityPasscodeViewController.m; sourceTree = "<group>"; };
		3FF1C3EE1B64FDB80002A6E5 /* VLDWeekdayArrayValueTrasformer.h */ = {isa = PBXFileReference; fileEncoding = 4; lastKnownFileType = sourcecode.c.h; name = VLDWeekdayArrayValueTrasformer.h; path = Source/VLDWeekdayArrayValueTrasformer.h; sourceTree = "<group>"; };
		3FF1C3EF1B64FDB80002A6E5 /* VLDWeekdayArrayValueTrasformer.m */ = {isa = PBXFileReference; fileEncoding = 4; lastKnownFileType = sourcecode.c.objc; name = VLDWeekdayArrayValueTrasformer.m; path = Source/VLDWeekdayArrayValueTrasformer.m; sourceTree = "<group>"; };
		3FF1C3F11B64FE010002A6E5 /* VLDWeekdayArrayValidator.h */ = {isa = PBXFileReference; fileEncoding = 4; lastKnownFileType = sourcecode.c.h; name = VLDWeekdayArrayValidator.h; path = Source/VLDWeekdayArrayValidator.h; sourceTree = "<group>"; };
		3FF1C3F21B64FE010002A6E5 /* VLDWeekdayArrayValidator.m */ = {isa = PBXFileReference; fileEncoding = 4; lastKnownFileType = sourcecode.c.objc; name = VLDWeekdayArrayValidator.m; path = Source/VLDWeekdayArrayValidator.m; sourceTree = "<group>"; };
		3FF4D7221B2DF1C3008538DA /* VLDNote.h */ = {isa = PBXFileReference; fileEncoding = 4; lastKnownFileType = sourcecode.c.h; name = VLDNote.h; path = Source/VLDNote.h; sourceTree = "<group>"; };
		3FF4D7231B2DF1C3008538DA /* VLDNote.m */ = {isa = PBXFileReference; fileEncoding = 4; lastKnownFileType = sourcecode.c.objc; name = VLDNote.m; path = Source/VLDNote.m; sourceTree = "<group>"; };
		3FF4D7251B2DF3B2008538DA /* VLDNoteTableViewCell.h */ = {isa = PBXFileReference; fileEncoding = 4; lastKnownFileType = sourcecode.c.h; name = VLDNoteTableViewCell.h; path = Source/VLDNoteTableViewCell.h; sourceTree = "<group>"; };
		3FF4D7261B2DF3B2008538DA /* VLDNoteTableViewCell.m */ = {isa = PBXFileReference; fileEncoding = 4; lastKnownFileType = sourcecode.c.objc; name = VLDNoteTableViewCell.m; path = Source/VLDNoteTableViewCell.m; sourceTree = "<group>"; };
		3FF4D7281B2DF599008538DA /* VLDNoteViewController.h */ = {isa = PBXFileReference; fileEncoding = 4; lastKnownFileType = sourcecode.c.h; name = VLDNoteViewController.h; path = Source/VLDNoteViewController.h; sourceTree = "<group>"; };
		3FF4D7291B2DF599008538DA /* VLDNoteViewController.m */ = {isa = PBXFileReference; fileEncoding = 4; lastKnownFileType = sourcecode.c.objc; name = VLDNoteViewController.m; path = Source/VLDNoteViewController.m; sourceTree = "<group>"; };
		3FF4D72B1B2E096E008538DA /* VLDNotesActionsPresenter.h */ = {isa = PBXFileReference; fileEncoding = 4; lastKnownFileType = sourcecode.c.h; name = VLDNotesActionsPresenter.h; path = Source/VLDNotesActionsPresenter.h; sourceTree = "<group>"; };
		3FF4D72C1B2E096E008538DA /* VLDNotesActionsPresenter.m */ = {isa = PBXFileReference; fileEncoding = 4; lastKnownFileType = sourcecode.c.objc; name = VLDNotesActionsPresenter.m; path = Source/VLDNotesActionsPresenter.m; sourceTree = "<group>"; };
		46AB8B98CC65AB363A395FCC /* libPods-Velad.a */ = {isa = PBXFileReference; explicitFileType = archive.ar; includeInIndex = 0; path = "libPods-Velad.a"; sourceTree = BUILT_PRODUCTS_DIR; };
		DA4D89CF1BADE61D008A4592 /* NSDateFormatter+VLDAdditions.h */ = {isa = PBXFileReference; fileEncoding = 4; lastKnownFileType = sourcecode.c.h; name = "NSDateFormatter+VLDAdditions.h"; path = "Source/NSDateFormatter+VLDAdditions.h"; sourceTree = "<group>"; };
		DA4D89D01BADE61D008A4592 /* NSDateFormatter+VLDAdditions.m */ = {isa = PBXFileReference; fileEncoding = 4; lastKnownFileType = sourcecode.c.objc; name = "NSDateFormatter+VLDAdditions.m"; path = "Source/NSDateFormatter+VLDAdditions.m"; sourceTree = "<group>"; };
		DA7A08E11BB5855A0015C93A /* VLDErrorPresenterTests.swift */ = {isa = PBXFileReference; fileEncoding = 4; lastKnownFileType = sourcecode.swift; name = VLDErrorPresenterTests.swift; path = Source/VLDErrorPresenterTests.swift; sourceTree = "<group>"; };
		DA7A09101BB59A660015C93A /* VLDWeekdayArrayValidatorTests.swift */ = {isa = PBXFileReference; fileEncoding = 4; lastKnownFileType = sourcecode.swift; name = VLDWeekdayArrayValidatorTests.swift; path = Source/VLDWeekdayArrayValidatorTests.swift; sourceTree = "<group>"; };
		DA7A09131BB59A7F0015C93A /* libXLForm.a */ = {isa = PBXFileReference; lastKnownFileType = archive.ar; name = libXLForm.a; path = "Pods/../build/Debug-iphoneos/libXLForm.a"; sourceTree = "<group>"; };
		DA83C7661BB5B8F700C1E05A /* VLDSectionsViewModelTests.swift */ = {isa = PBXFileReference; fileEncoding = 4; lastKnownFileType = sourcecode.swift; name = VLDSectionsViewModelTests.swift; path = Source/VLDSectionsViewModelTests.swift; sourceTree = "<group>"; };
		DA83C76D1BB5BD7900C1E05A /* SnapshotTests.xctest */ = {isa = PBXFileReference; explicitFileType = wrapper.cfbundle; includeInIndex = 0; path = SnapshotTests.xctest; sourceTree = BUILT_PRODUCTS_DIR; };
		DA83C77B1BB5BE5B00C1E05A /* VLDDatePickerViewTests.swift */ = {isa = PBXFileReference; fileEncoding = 4; lastKnownFileType = sourcecode.swift; name = VLDDatePickerViewTests.swift; path = Source/VLDDatePickerViewTests.swift; sourceTree = "<group>"; };
		DA83C77D1BB5BE6200C1E05A /* Info.plist */ = {isa = PBXFileReference; fileEncoding = 4; lastKnownFileType = text.plist.xml; name = Info.plist; path = Support/Info.plist; sourceTree = "<group>"; };
		DA83C7851BB5C08800C1E05A /* FBSnapshotTestCase.framework */ = {isa = PBXFileReference; lastKnownFileType = wrapper.framework; name = FBSnapshotTestCase.framework; path = Carthage/Build/iOS/FBSnapshotTestCase.framework; sourceTree = "<group>"; };
		DA83C78C1BB5D26700C1E05A /* SnapshotTests-Bridging-Header.h */ = {isa = PBXFileReference; fileEncoding = 4; lastKnownFileType = sourcecode.c.h; name = "SnapshotTests-Bridging-Header.h"; path = "Support/SnapshotTests-Bridging-Header.h"; sourceTree = "<group>"; };
		DA83C78E1BB5D34200C1E05A /* libMasonry.a */ = {isa = PBXFileReference; lastKnownFileType = archive.ar; name = libMasonry.a; path = "Pods/../build/Debug-iphoneos/libMasonry.a"; sourceTree = "<group>"; };
		DA83C7931BB5E6D000C1E05A /* VLDDatePickerView+Private.h */ = {isa = PBXFileReference; fileEncoding = 4; lastKnownFileType = sourcecode.c.h; name = "VLDDatePickerView+Private.h"; path = "Source/VLDDatePickerView+Private.h"; sourceTree = "<group>"; };
		DAA250661BA76EBC00C81F12 /* VLDEncouragementAlertPresenter.h */ = {isa = PBXFileReference; fileEncoding = 4; lastKnownFileType = sourcecode.c.h; name = VLDEncouragementAlertPresenter.h; path = Source/VLDEncouragementAlertPresenter.h; sourceTree = "<group>"; };
		DAA250671BA76EBC00C81F12 /* VLDEncouragementAlertPresenter.m */ = {isa = PBXFileReference; fileEncoding = 4; lastKnownFileType = sourcecode.c.objc; name = VLDEncouragementAlertPresenter.m; path = Source/VLDEncouragementAlertPresenter.m; sourceTree = "<group>"; };
		DAA873051BB40A1500A443F2 /* UnitTests.xctest */ = {isa = PBXFileReference; explicitFileType = wrapper.cfbundle; includeInIndex = 0; path = UnitTests.xctest; sourceTree = BUILT_PRODUCTS_DIR; };
		DAA873131BB40B1900A443F2 /* Info.plist */ = {isa = PBXFileReference; fileEncoding = 4; lastKnownFileType = text.plist.xml; name = Info.plist; path = Support/Info.plist; sourceTree = "<group>"; };
		DAA873161BB40D4400A443F2 /* VLDWeekdayArrayValueTransformerTests.swift */ = {isa = PBXFileReference; fileEncoding = 4; lastKnownFileType = sourcecode.swift; name = VLDWeekdayArrayValueTransformerTests.swift; path = Source/VLDWeekdayArrayValueTransformerTests.swift; sourceTree = "<group>"; };
		DAA873181BB40D8300A443F2 /* UnitTests-Bridging-Header.h */ = {isa = PBXFileReference; fileEncoding = 4; lastKnownFileType = sourcecode.c.h; name = "UnitTests-Bridging-Header.h"; path = "Support/UnitTests-Bridging-Header.h"; sourceTree = "<group>"; };
		DAA8731C1BB411E400A443F2 /* Nimble.framework */ = {isa = PBXFileReference; lastKnownFileType = wrapper.framework; name = Nimble.framework; path = Carthage/Build/iOS/Nimble.framework; sourceTree = "<group>"; };
		DAA8731D1BB411E400A443F2 /* Quick.framework */ = {isa = PBXFileReference; lastKnownFileType = wrapper.framework; name = Quick.framework; path = Carthage/Build/iOS/Quick.framework; sourceTree = "<group>"; };
/* End PBXFileReference section */

/* Begin PBXFrameworksBuildPhase section */
		3F331A271B2C67020055E742 /* Frameworks */ = {
			isa = PBXFrameworksBuildPhase;
			buildActionMask = 2147483647;
			files = (
				6B7629177A08ABC4011E92E8 /* libPods-Velad.a in Frameworks */,
			);
			runOnlyForDeploymentPostprocessing = 0;
		};
		DA83C76A1BB5BD7900C1E05A /* Frameworks */ = {
			isa = PBXFrameworksBuildPhase;
			buildActionMask = 2147483647;
			files = (
				DA83C78F1BB5D34200C1E05A /* libMasonry.a in Frameworks */,
				DA83C7871BB5C08E00C1E05A /* FBSnapshotTestCase.framework in Frameworks */,
			);
			runOnlyForDeploymentPostprocessing = 0;
		};
		DAA873021BB40A1500A443F2 /* Frameworks */ = {
			isa = PBXFrameworksBuildPhase;
			buildActionMask = 2147483647;
			files = (
				DA7A09141BB59A7F0015C93A /* libXLForm.a in Frameworks */,
				DAA8731E1BB411E400A443F2 /* Nimble.framework in Frameworks */,
				DAA8731F1BB411E400A443F2 /* Quick.framework in Frameworks */,
			);
			runOnlyForDeploymentPostprocessing = 0;
		};
/* End PBXFrameworksBuildPhase section */

/* Begin PBXGroup section */
		2582683999AF857AC08226F6 /* Pods */ = {
			isa = PBXGroup;
			children = (
				242A4A03FF34540136584E3D /* Pods-Velad.debug.xcconfig */,
				327509EF0CA8E04A6C1F47D7 /* Pods-Velad.release.xcconfig */,
			);
			name = Pods;
			sourceTree = "<group>";
		};
		3F331A211B2C67020055E742 = {
			isa = PBXGroup;
			children = (
				3F331A2C1B2C67020055E742 /* Velad */,
				DAA873061BB40A1500A443F2 /* UnitTests */,
				DA83C76E1BB5BD7900C1E05A /* SnapshotTests */,
				3F331A2B1B2C67020055E742 /* Products */,
				2582683999AF857AC08226F6 /* Pods */,
				92E6478D0E4B852836397AB9 /* Frameworks */,
			);
			sourceTree = "<group>";
		};
		3F331A2B1B2C67020055E742 /* Products */ = {
			isa = PBXGroup;
			children = (
				3F331A2A1B2C67020055E742 /* Velad.app */,
				DAA873051BB40A1500A443F2 /* UnitTests.xctest */,
				DA83C76D1BB5BD7900C1E05A /* SnapshotTests.xctest */,
			);
			name = Products;
			sourceTree = "<group>";
		};
		3F331A2C1B2C67020055E742 /* Velad */ = {
			isa = PBXGroup;
			children = (
				3F331A641B2C68320055E742 /* Assets */,
				3F331A541B2C67C20055E742 /* Source */,
				3F331A551B2C67C80055E742 /* Support */,
			);
			path = Velad;
			sourceTree = "<group>";
		};
		3F331A541B2C67C20055E742 /* Source */ = {
			isa = PBXGroup;
			children = (
				3F331A561B2C67CE0055E742 /* Application */,
				3F331A851B2C91CF0055E742 /* Extensions */,
				3F331A711B2C74890055E742 /* Modules */,
				3F331A721B2C74A70055E742 /* Models */,
				3FD02C291B2DBDD400B82507 /* Shared */,
				3F331A811B2C848F0055E742 /* Views */,
			);
			name = Source;
			sourceTree = "<group>";
		};
		3F331A551B2C67C80055E742 /* Support */ = {
			isa = PBXGroup;
			children = (
				3F4710181B30AB7500DE674F /* Pods-Velad-acknowledgements.plist */,
				3F331A5D1B2C67E70055E742 /* main.m */,
				3F331A5B1B2C67E70055E742 /* Info.plist */,
			);
			name = Support;
			sourceTree = "<group>";
		};
		3F331A561B2C67CE0055E742 /* Application */ = {
			isa = PBXGroup;
			children = (
				3F331A571B2C67DC0055E742 /* VLDAppDelegate.h */,
				3F331A581B2C67DC0055E742 /* VLDAppDelegate.m */,
				3F42399D1B642C59009B40B5 /* VLDMigrationController.h */,
				3F42399E1B642C59009B40B5 /* VLDMigrationController.m */,
			);
			name = Application;
			sourceTree = "<group>";
		};
		3F331A641B2C68320055E742 /* Assets */ = {
			isa = PBXGroup;
			children = (
				3F331A651B2C68410055E742 /* Images.xcassets */,
				3F331A6D1B2C6A350055E742 /* Localizable.strings */,
			);
			name = Assets;
			sourceTree = "<group>";
		};
		3F331A711B2C74890055E742 /* Modules */ = {
			isa = PBXGroup;
			children = (
				3F331A7A1B2C7D630055E742 /* Today */,
				3F331A8C1B2CBAE50055E742 /* Week */,
				3F331A8D1B2CBB060055E742 /* Diary */,
				3F331A8E1B2CBB6B0055E742 /* Reports */,
				3F331A8F1B2CBB730055E742 /* Configuration */,
			);
			name = Modules;
			sourceTree = "<group>";
		};
		3F331A721B2C74A70055E742 /* Models */ = {
			isa = PBXGroup;
			children = (
				3F331A731B2C75FF0055E742 /* VLDBasicPoint.h */,
				3F331A741B2C75FF0055E742 /* VLDBasicPoint.m */,
				3F58FE161B6D4FA70031A1F9 /* VLDGroup.h */,
				3F58FE171B6D4FA70031A1F9 /* VLDGroup.m */,
				3F331A7B1B2C7EE10055E742 /* VLDRecord.h */,
				3F331A7C1B2C7EE10055E742 /* VLDRecord.m */,
				3FD02C171B2D8FE000B82507 /* VLDAlert.h */,
				3FD02C181B2D8FE000B82507 /* VLDAlert.m */,
				3FD02C1A1B2D940400B82507 /* VLDWeekday.h */,
				3FD02C1B1B2D940400B82507 /* VLDWeekday.m */,
				3FF4D7221B2DF1C3008538DA /* VLDNote.h */,
				3FF4D7231B2DF1C3008538DA /* VLDNote.m */,
				3FE4C80A1B301DED0061420E /* VLDProfile.h */,
				3FE4C80B1B301DED0061420E /* VLDProfile.m */,
				3FE4C8131B305B0E0061420E /* VLDSecurity.h */,
				3FE4C8141B305B0E0061420E /* VLDSecurity.m */,
				3F5D48D11B91052C0046364F /* VLDConfession.h */,
				3F5D48D21B91052C0046364F /* VLDConfession.m */,
			);
			name = Models;
			sourceTree = "<group>";
		};
		3F331A7A1B2C7D630055E742 /* Today */ = {
			isa = PBXGroup;
			children = (
				3F331A771B2C7C4C0055E742 /* VLDTodayViewController.h */,
				3F331A781B2C7C4C0055E742 /* VLDTodayViewController.m */,
				3F331A7E1B2C81030055E742 /* VLDDailyRecordTableViewCell.h */,
				3F331A7F1B2C81030055E742 /* VLDDailyRecordTableViewCell.m */,
				3F331A891B2C971C0055E742 /* VLDRecordNotesPresenter.h */,
				3F331A8A1B2C971C0055E742 /* VLDRecordNotesPresenter.m */,
				3F58FE191B6D52E70031A1F9 /* VLDGroupsViewController.h */,
				3F58FE1A1B6D52E70031A1F9 /* VLDGroupsViewController.m */,
				3F58FE1C1B6D54600031A1F9 /* VLDGroupTableViewCell.h */,
				3F58FE1D1B6D54600031A1F9 /* VLDGroupTableViewCell.m */,
				3F58FE221B6D662D0031A1F9 /* VLDGroupViewController.h */,
				3F58FE231B6D662D0031A1F9 /* VLDGroupViewController.m */,
				3F331A9F1B2CC8EB0055E742 /* VLDBasicPointsViewController.h */,
				3F331AA01B2CC8EB0055E742 /* VLDBasicPointsViewController.m */,
				3F331AA21B2CCCE70055E742 /* VLDBasicPointTableViewCell.h */,
				3F331AA31B2CCCE70055E742 /* VLDBasicPointTableViewCell.m */,
				3F331AA81B2CEAB10055E742 /* VLDBasicPointViewController.h */,
				3F331AA91B2CEAB10055E742 /* VLDBasicPointViewController.m */,
				3FD02C111B2D7C0A00B82507 /* VLDBasicPointAlertViewController.h */,
				3FD02C121B2D7C0A00B82507 /* VLDBasicPointAlertViewController.m */,
				3FD02C141B2D878F00B82507 /* VLDNotificationScheduler.h */,
				3FD02C151B2D878F00B82507 /* VLDNotificationScheduler.m */,
				3FE4C80D1B30534C0061420E /* VLDDeleteAlertPresenter.h */,
				3FE4C80E1B30534C0061420E /* VLDDeleteAlertPresenter.m */,
				DAA250661BA76EBC00C81F12 /* VLDEncouragementAlertPresenter.h */,
				DAA250671BA76EBC00C81F12 /* VLDEncouragementAlertPresenter.m */,
			);
			name = Today;
			sourceTree = "<group>";
		};
		3F331A811B2C848F0055E742 /* Views */ = {
			isa = PBXGroup;
			children = (
				3F331A821B2C84D00055E742 /* VLDDatePickerView.h */,
				3F331A831B2C84D00055E742 /* VLDDatePickerView.m */,
				3FD02C1D1B2DAB6400B82507 /* VLDDateIntervalPickerView.h */,
				3FD02C1E1B2DAB6400B82507 /* VLDDateIntervalPickerView.m */,
				3F8738431B35DA8D007501F1 /* VLDEmptyView.h */,
				3F8738441B35DA8D007501F1 /* VLDEmptyView.m */,
				3F256C301B63E20200B63C07 /* VLDReportsModePickerView.h */,
				3F256C311B63E20200B63C07 /* VLDReportsModePickerView.m */,
			);
			name = Views;
			sourceTree = "<group>";
		};
		3F331A851B2C91CF0055E742 /* Extensions */ = {
			isa = PBXGroup;
			children = (
				3F331A861B2C925E0055E742 /* NSString+VLDAdditions.h */,
				3F331A871B2C925E0055E742 /* NSString+VLDAdditions.m */,
				3F331A9C1B2CC3530055E742 /* UIColor+VLDAdditions.h */,
				3F331A9D1B2CC3530055E742 /* UIColor+VLDAdditions.m */,
				3FD02C261B2DB97800B82507 /* UIView+VLDAdditions.h */,
				3FD02C271B2DB97800B82507 /* UIView+VLDAdditions.m */,
				3FCBDABA1B2DC20700AE04C0 /* VLDArrowButton.h */,
				3FCBDABB1B2DC20700AE04C0 /* VLDArrowButton.m */,
				3F52978A1B35E6F30006A455 /* NSDate+VLDAdditions.h */,
				3F52978B1B35E6F30006A455 /* NSDate+VLDAdditions.m */,
				3F256C331B64241200B63C07 /* UITableViewCell+VLDAdditions.h */,
				3F256C341B64241200B63C07 /* UITableViewCell+VLDAdditions.m */,
				3F4239A01B64350A009B40B5 /* NSCalendar+VLDAdditions.h */,
				3F4239A11B64350A009B40B5 /* NSCalendar+VLDAdditions.m */,
				DA4D89CF1BADE61D008A4592 /* NSDateFormatter+VLDAdditions.h */,
				DA4D89D01BADE61D008A4592 /* NSDateFormatter+VLDAdditions.m */,
			);
			name = Extensions;
			sourceTree = "<group>";
		};
		3F331A8C1B2CBAE50055E742 /* Week */ = {
			isa = PBXGroup;
			children = (
				3F331A901B2CBB8F0055E742 /* VLDWeekViewController.h */,
				3F331A911B2CBB8F0055E742 /* VLDWeekViewController.m */,
				3FD02C201B2DAE1E00B82507 /* VLDWeekTableViewCell.h */,
				3FD02C211B2DAE1E00B82507 /* VLDWeekTableViewCell.m */,
				3FD02C231B2DB20D00B82507 /* VLDWeekViewModel.h */,
				3FD02C241B2DB20D00B82507 /* VLDWeekViewModel.m */,
			);
			name = Week;
			sourceTree = "<group>";
		};
		3F331A8D1B2CBB060055E742 /* Diary */ = {
			isa = PBXGroup;
			children = (
				3F331A931B2CBBB00055E742 /* VLDDiaryViewController.h */,
				3F331A941B2CBBB00055E742 /* VLDDiaryViewController.m */,
				3FF4D7251B2DF3B2008538DA /* VLDNoteTableViewCell.h */,
				3FF4D7261B2DF3B2008538DA /* VLDNoteTableViewCell.m */,
				3FF4D7281B2DF599008538DA /* VLDNoteViewController.h */,
				3FF4D7291B2DF599008538DA /* VLDNoteViewController.m */,
				3FF4D72B1B2E096E008538DA /* VLDNotesActionsPresenter.h */,
				3FF4D72C1B2E096E008538DA /* VLDNotesActionsPresenter.m */,
				3F5D48CE1B90EFF50046364F /* VLDNoteFilterViewController.h */,
				3F5D48CF1B90EFF50046364F /* VLDNoteFilterViewController.m */,
			);
			name = Diary;
			sourceTree = "<group>";
		};
		3F331A8E1B2CBB6B0055E742 /* Reports */ = {
			isa = PBXGroup;
			children = (
				3F331A961B2CBBC40055E742 /* VLDReportsViewController.h */,
				3F331A971B2CBBC40055E742 /* VLDReportsViewController.m */,
				3F517C7D1B357396000A6062 /* VLDReportsViewModel.h */,
				3F517C7E1B357396000A6062 /* VLDReportsViewModel.m */,
				3F8738401B35B72E007501F1 /* VLDReportsResultView.h */,
				3F8738411B35B72E007501F1 /* VLDReportsResultView.m */,
			);
			name = Reports;
			sourceTree = "<group>";
		};
		3F331A8F1B2CBB730055E742 /* Configuration */ = {
			isa = PBXGroup;
			children = (
				3F331A991B2CBBD60055E742 /* VLDConfigurationViewController.h */,
				3F331A9A1B2CBBD60055E742 /* VLDConfigurationViewController.m */,
				3FE4C8071B301BDF0061420E /* VLDProfileViewController.h */,
				3FE4C8081B301BDF0061420E /* VLDProfileViewController.m */,
				3FE4C8101B305A3D0061420E /* VLDSecurityViewController.h */,
				3FE4C8111B305A3D0061420E /* VLDSecurityViewController.m */,
				3FE4C8161B3060B60061420E /* VLDSetActiveSecurityPresenter.h */,
				3FE4C8171B3060B60061420E /* VLDSetActiveSecurityPresenter.m */,
				3FE4C8191B3064D10061420E /* VLDSecurityPasscodeViewController.h */,
				3FE4C81A1B3064D10061420E /* VLDSecurityPasscodeViewController.m */,
				3F58FE251B6D7C0A0031A1F9 /* VLDRestoreDataPresenter.h */,
				3F58FE261B6D7C0A0031A1F9 /* VLDRestoreDataPresenter.m */,
			);
			name = Configuration;
			sourceTree = "<group>";
		};
		3FD02C291B2DBDD400B82507 /* Shared */ = {
			isa = PBXGroup;
			children = (
				3FD02C0E1B2D719C00B82507 /* VLDErrorPresenter.h */,
				3FD02C0F1B2D719C00B82507 /* VLDErrorPresenter.m */,
				3FF1C3EE1B64FDB80002A6E5 /* VLDWeekdayArrayValueTrasformer.h */,
				3FF1C3EF1B64FDB80002A6E5 /* VLDWeekdayArrayValueTrasformer.m */,
				3FF1C3F11B64FE010002A6E5 /* VLDWeekdayArrayValidator.h */,
				3FF1C3F21B64FE010002A6E5 /* VLDWeekdayArrayValidator.m */,
				3F58FE1F1B6D60BB0031A1F9 /* VLDSectionsViewModel.h */,
				3F58FE201B6D60BB0031A1F9 /* VLDSectionsViewModel.m */,
			);
			name = Shared;
			sourceTree = "<group>";
		};
		92E6478D0E4B852836397AB9 /* Frameworks */ = {
			isa = PBXGroup;
			children = (
				DA83C78E1BB5D34200C1E05A /* libMasonry.a */,
				DA83C7851BB5C08800C1E05A /* FBSnapshotTestCase.framework */,
				DA7A09131BB59A7F0015C93A /* libXLForm.a */,
				DAA8731C1BB411E400A443F2 /* Nimble.framework */,
				DAA8731D1BB411E400A443F2 /* Quick.framework */,
				46AB8B98CC65AB363A395FCC /* libPods-Velad.a */,
			);
			name = Frameworks;
			sourceTree = "<group>";
		};
		DA83C76E1BB5BD7900C1E05A /* SnapshotTests */ = {
			isa = PBXGroup;
			children = (
				DA83C7771BB5BD8800C1E05A /* Source */,
				DA83C7781BB5BD9300C1E05A /* Support */,
			);
			path = SnapshotTests;
			sourceTree = "<group>";
		};
		DA83C7771BB5BD8800C1E05A /* Source */ = {
			isa = PBXGroup;
			children = (
				DA83C7931BB5E6D000C1E05A /* VLDDatePickerView+Private.h */,
				DA83C77B1BB5BE5B00C1E05A /* VLDDatePickerViewTests.swift */,
			);
			name = Source;
			sourceTree = "<group>";
		};
		DA83C7781BB5BD9300C1E05A /* Support */ = {
			isa = PBXGroup;
			children = (
				DA83C78C1BB5D26700C1E05A /* SnapshotTests-Bridging-Header.h */,
				DA83C77D1BB5BE6200C1E05A /* Info.plist */,
			);
			name = Support;
			sourceTree = "<group>";
		};
		DAA873061BB40A1500A443F2 /* UnitTests */ = {
			isa = PBXGroup;
			children = (
				DAA8730F1BB40AB600A443F2 /* Source */,
				DAA873101BB40AC000A443F2 /* Support */,
			);
			path = UnitTests;
			sourceTree = "<group>";
		};
		DAA8730F1BB40AB600A443F2 /* Source */ = {
			isa = PBXGroup;
			children = (
				DA7A09101BB59A660015C93A /* VLDWeekdayArrayValidatorTests.swift */,
				DAA873161BB40D4400A443F2 /* VLDWeekdayArrayValueTransformerTests.swift */,
				DA7A08E11BB5855A0015C93A /* VLDErrorPresenterTests.swift */,
				DA83C7661BB5B8F700C1E05A /* VLDSectionsViewModelTests.swift */,
			);
			name = Source;
			sourceTree = "<group>";
		};
		DAA873101BB40AC000A443F2 /* Support */ = {
			isa = PBXGroup;
			children = (
				DAA873181BB40D8300A443F2 /* UnitTests-Bridging-Header.h */,
				DAA873131BB40B1900A443F2 /* Info.plist */,
			);
			name = Support;
			sourceTree = "<group>";
		};
/* End PBXGroup section */

/* Begin PBXNativeTarget section */
		3F331A291B2C67020055E742 /* Velad */ = {
			isa = PBXNativeTarget;
			buildConfigurationList = 3F331A4D1B2C67020055E742 /* Build configuration list for PBXNativeTarget "Velad" */;
			buildPhases = (
				C74643D23313835C586E9AF9 /* Check Pods Manifest.lock */,
				3F331A261B2C67020055E742 /* Sources */,
				3F331A271B2C67020055E742 /* Frameworks */,
				3F331A281B2C67020055E742 /* Resources */,
				83B15731141853CD7CB36066 /* Copy Pods Resources */,
			);
			buildRules = (
			);
			dependencies = (
			);
			name = Velad;
			productName = Velad;
			productReference = 3F331A2A1B2C67020055E742 /* Velad.app */;
			productType = "com.apple.product-type.application";
		};
		DA83C76C1BB5BD7900C1E05A /* SnapshotTests */ = {
			isa = PBXNativeTarget;
			buildConfigurationList = DA83C7741BB5BD7900C1E05A /* Build configuration list for PBXNativeTarget "SnapshotTests" */;
			buildPhases = (
				DA83C7691BB5BD7900C1E05A /* Sources */,
				DA83C76A1BB5BD7900C1E05A /* Frameworks */,
				DA83C76B1BB5BD7900C1E05A /* Resources */,
				DA83C7821BB5BE9400C1E05A /* CopyFiles */,
			);
			buildRules = (
			);
			dependencies = (
				DA83C7731BB5BD7900C1E05A /* PBXTargetDependency */,
			);
			name = SnapshotTests;
			productName = SnapshotTests;
			productReference = DA83C76D1BB5BD7900C1E05A /* SnapshotTests.xctest */;
			productType = "com.apple.product-type.bundle.unit-test";
		};
		DAA873041BB40A1500A443F2 /* UnitTests */ = {
			isa = PBXNativeTarget;
			buildConfigurationList = DAA8730E1BB40A1500A443F2 /* Build configuration list for PBXNativeTarget "UnitTests" */;
			buildPhases = (
				DAA873011BB40A1500A443F2 /* Sources */,
				DAA873021BB40A1500A443F2 /* Frameworks */,
				DAA873031BB40A1500A443F2 /* Resources */,
				DAA873201BB412CE00A443F2 /* CopyFiles */,
			);
			buildRules = (
			);
			dependencies = (
			);
			name = UnitTests;
			productName = UnitTests;
			productReference = DAA873051BB40A1500A443F2 /* UnitTests.xctest */;
			productType = "com.apple.product-type.bundle.unit-test";
		};
/* End PBXNativeTarget section */

/* Begin PBXProject section */
		3F331A221B2C67020055E742 /* Project object */ = {
			isa = PBXProject;
			attributes = {
				LastSwiftUpdateCheck = 0700;
				LastUpgradeCheck = 0700;
				ORGANIZATIONNAME = MAC;
				TargetAttributes = {
					3F331A291B2C67020055E742 = {
						CreatedOnToolsVersion = 6.3.2;
					};
					DA83C76C1BB5BD7900C1E05A = {
						CreatedOnToolsVersion = 7.0;
						TestTargetID = 3F331A291B2C67020055E742;
					};
					DAA873041BB40A1500A443F2 = {
						CreatedOnToolsVersion = 7.0;
					};
				};
			};
			buildConfigurationList = 3F331A251B2C67020055E742 /* Build configuration list for PBXProject "Velad" */;
			compatibilityVersion = "Xcode 3.2";
			developmentRegion = English;
			hasScannedForEncodings = 0;
			knownRegions = (
				es,
			);
			mainGroup = 3F331A211B2C67020055E742;
			productRefGroup = 3F331A2B1B2C67020055E742 /* Products */;
			projectDirPath = "";
			projectRoot = "";
			targets = (
				3F331A291B2C67020055E742 /* Velad */,
				DAA873041BB40A1500A443F2 /* UnitTests */,
				DA83C76C1BB5BD7900C1E05A /* SnapshotTests */,
			);
		};
/* End PBXProject section */

/* Begin PBXResourcesBuildPhase section */
		3F331A281B2C67020055E742 /* Resources */ = {
			isa = PBXResourcesBuildPhase;
			buildActionMask = 2147483647;
			files = (
				3F331A701B2C6AC60055E742 /* Localizable.strings in Resources */,
				3F4710191B30AB7500DE674F /* Pods-Velad-acknowledgements.plist in Resources */,
				3F331A681B2C68410055E742 /* Images.xcassets in Resources */,
			);
			runOnlyForDeploymentPostprocessing = 0;
		};
		DA83C76B1BB5BD7900C1E05A /* Resources */ = {
			isa = PBXResourcesBuildPhase;
			buildActionMask = 2147483647;
			files = (
			);
			runOnlyForDeploymentPostprocessing = 0;
		};
		DAA873031BB40A1500A443F2 /* Resources */ = {
			isa = PBXResourcesBuildPhase;
			buildActionMask = 2147483647;
			files = (
			);
			runOnlyForDeploymentPostprocessing = 0;
		};
/* End PBXResourcesBuildPhase section */

/* Begin PBXShellScriptBuildPhase section */
		83B15731141853CD7CB36066 /* Copy Pods Resources */ = {
			isa = PBXShellScriptBuildPhase;
			buildActionMask = 2147483647;
			files = (
			);
			inputPaths = (
			);
			name = "Copy Pods Resources";
			outputPaths = (
			);
			runOnlyForDeploymentPostprocessing = 0;
			shellPath = /bin/sh;
			shellScript = "\"${SRCROOT}/Pods/Target Support Files/Pods-Velad/Pods-Velad-resources.sh\"\n";
			showEnvVarsInLog = 0;
		};
		C74643D23313835C586E9AF9 /* Check Pods Manifest.lock */ = {
			isa = PBXShellScriptBuildPhase;
			buildActionMask = 2147483647;
			files = (
			);
			inputPaths = (
			);
			name = "Check Pods Manifest.lock";
			outputPaths = (
			);
			runOnlyForDeploymentPostprocessing = 0;
			shellPath = /bin/sh;
			shellScript = "diff \"${PODS_ROOT}/../Podfile.lock\" \"${PODS_ROOT}/Manifest.lock\" > /dev/null\nif [[ $? != 0 ]] ; then\n    cat << EOM\nerror: The sandbox is not in sync with the Podfile.lock. Run 'pod install' or update your CocoaPods installation.\nEOM\n    exit 1\nfi\n";
			showEnvVarsInLog = 0;
		};
/* End PBXShellScriptBuildPhase section */

/* Begin PBXSourcesBuildPhase section */
		3F331A261B2C67020055E742 /* Sources */ = {
			isa = PBXSourcesBuildPhase;
			buildActionMask = 2147483647;
			files = (
				3FD02C191B2D8FE000B82507 /* VLDAlert.m in Sources */,
				3F331AA41B2CCCE70055E742 /* VLDBasicPointTableViewCell.m in Sources */,
				3F331A751B2C75FF0055E742 /* VLDBasicPoint.m in Sources */,
				3F8738451B35DA8D007501F1 /* VLDEmptyView.m in Sources */,
				3FF4D72D1B2E096E008538DA /* VLDNotesActionsPresenter.m in Sources */,
				3F58FE1B1B6D52E70031A1F9 /* VLDGroupsViewController.m in Sources */,
				3F331A791B2C7C4C0055E742 /* VLDTodayViewController.m in Sources */,
				3FE4C81B1B3064D10061420E /* VLDSecurityPasscodeViewController.m in Sources */,
				3FF4D7271B2DF3B2008538DA /* VLDNoteTableViewCell.m in Sources */,
				3FF1C3F01B64FDB80002A6E5 /* VLDWeekdayArrayValueTrasformer.m in Sources */,
				3F256C321B63E20200B63C07 /* VLDReportsModePickerView.m in Sources */,
				3F331A951B2CBBB00055E742 /* VLDDiaryViewController.m in Sources */,
				3F331A881B2C925E0055E742 /* NSString+VLDAdditions.m in Sources */,
				3F331A7D1B2C7EE10055E742 /* VLDRecord.m in Sources */,
				3F58FE211B6D60BB0031A1F9 /* VLDSectionsViewModel.m in Sources */,
				3F52978C1B35E6F30006A455 /* NSDate+VLDAdditions.m in Sources */,
				3F58FE1E1B6D54600031A1F9 /* VLDGroupTableViewCell.m in Sources */,
				3FCBDABC1B2DC20700AE04C0 /* VLDArrowButton.m in Sources */,
				3F331A981B2CBBC40055E742 /* VLDReportsViewController.m in Sources */,
				3FE4C8091B301BDF0061420E /* VLDProfileViewController.m in Sources */,
				3F331A621B2C67E70055E742 /* main.m in Sources */,
				3FE4C8181B3060B60061420E /* VLDSetActiveSecurityPresenter.m in Sources */,
				3F331A9B1B2CBBD60055E742 /* VLDConfigurationViewController.m in Sources */,
				3FE4C80F1B30534C0061420E /* VLDDeleteAlertPresenter.m in Sources */,
				3FD02C161B2D878F00B82507 /* VLDNotificationScheduler.m in Sources */,
				3F331A591B2C67DC0055E742 /* VLDAppDelegate.m in Sources */,
				3FE4C80C1B301DED0061420E /* VLDProfile.m in Sources */,
				3F517C7F1B357396000A6062 /* VLDReportsViewModel.m in Sources */,
				3F331A841B2C84D00055E742 /* VLDDatePickerView.m in Sources */,
				3F331AAA1B2CEAB10055E742 /* VLDBasicPointViewController.m in Sources */,
				3FD02C221B2DAE1E00B82507 /* VLDWeekTableViewCell.m in Sources */,
				3F4239A21B64350A009B40B5 /* NSCalendar+VLDAdditions.m in Sources */,
				DAA250681BA76EBC00C81F12 /* VLDEncouragementAlertPresenter.m in Sources */,
				3F58FE241B6D662D0031A1F9 /* VLDGroupViewController.m in Sources */,
				3F8738421B35B72E007501F1 /* VLDReportsResultView.m in Sources */,
				3FD02C281B2DB97800B82507 /* UIView+VLDAdditions.m in Sources */,
				3FD02C101B2D719C00B82507 /* VLDErrorPresenter.m in Sources */,
				3FD02C1C1B2D940400B82507 /* VLDWeekday.m in Sources */,
				3F58FE271B6D7C0A0031A1F9 /* VLDRestoreDataPresenter.m in Sources */,
				3F331A921B2CBB8F0055E742 /* VLDWeekViewController.m in Sources */,
				3F5D48D01B90EFF50046364F /* VLDNoteFilterViewController.m in Sources */,
				3F331A801B2C81030055E742 /* VLDDailyRecordTableViewCell.m in Sources */,
				DA4D89D11BADE61D008A4592 /* NSDateFormatter+VLDAdditions.m in Sources */,
				3FE4C8151B305B0E0061420E /* VLDSecurity.m in Sources */,
				3FF1C3F31B64FE010002A6E5 /* VLDWeekdayArrayValidator.m in Sources */,
				3F58FE181B6D4FA70031A1F9 /* VLDGroup.m in Sources */,
				3F42399F1B642C59009B40B5 /* VLDMigrationController.m in Sources */,
				3FE4C8121B305A3D0061420E /* VLDSecurityViewController.m in Sources */,
				3F331AA11B2CC8EB0055E742 /* VLDBasicPointsViewController.m in Sources */,
				3F331A9E1B2CC3530055E742 /* UIColor+VLDAdditions.m in Sources */,
				3FD02C251B2DB20D00B82507 /* VLDWeekViewModel.m in Sources */,
				3FF4D7241B2DF1C3008538DA /* VLDNote.m in Sources */,
				3FD02C1F1B2DAB6400B82507 /* VLDDateIntervalPickerView.m in Sources */,
				3FF4D72A1B2DF599008538DA /* VLDNoteViewController.m in Sources */,
				3F331A8B1B2C971C0055E742 /* VLDRecordNotesPresenter.m in Sources */,
				3FD02C131B2D7C0A00B82507 /* VLDBasicPointAlertViewController.m in Sources */,
				3F256C351B64241200B63C07 /* UITableViewCell+VLDAdditions.m in Sources */,
				3F5D48D31B91052C0046364F /* VLDConfession.m in Sources */,
			);
			runOnlyForDeploymentPostprocessing = 0;
		};
		DA83C7691BB5BD7900C1E05A /* Sources */ = {
			isa = PBXSourcesBuildPhase;
			buildActionMask = 2147483647;
			files = (
				DA83C77C1BB5BE5B00C1E05A /* VLDDatePickerViewTests.swift in Sources */,
			);
			runOnlyForDeploymentPostprocessing = 0;
		};
		DAA873011BB40A1500A443F2 /* Sources */ = {
			isa = PBXSourcesBuildPhase;
			buildActionMask = 2147483647;
			files = (
				DA83C7681BB5BBC100C1E05A /* VLDSectionsViewModel.m in Sources */,
				DA7A09121BB59A6E0015C93A /* VLDWeekdayArrayValidator.m in Sources */,
				DA83C7671BB5B8F700C1E05A /* VLDSectionsViewModelTests.swift in Sources */,
				DA7A09111BB59A660015C93A /* VLDWeekdayArrayValidatorTests.swift in Sources */,
				DA7A08E31BB586760015C93A /* VLDErrorPresenter.m in Sources */,
				DA7A08E21BB5855A0015C93A /* VLDErrorPresenterTests.swift in Sources */,
				DAA873191BB40F3200A443F2 /* VLDWeekdayArrayValueTrasformer.m in Sources */,
				DAA873171BB40D4400A443F2 /* VLDWeekdayArrayValueTransformerTests.swift in Sources */,
			);
			runOnlyForDeploymentPostprocessing = 0;
		};
/* End PBXSourcesBuildPhase section */

/* Begin PBXTargetDependency section */
		DA83C7731BB5BD7900C1E05A /* PBXTargetDependency */ = {
			isa = PBXTargetDependency;
			target = 3F331A291B2C67020055E742 /* Velad */;
			targetProxy = DA83C7721BB5BD7900C1E05A /* PBXContainerItemProxy */;
		};
/* End PBXTargetDependency section */

/* Begin PBXVariantGroup section */
		3F331A6D1B2C6A350055E742 /* Localizable.strings */ = {
			isa = PBXVariantGroup;
			children = (
				3F331A6E1B2C6A350055E742 /* es */,
			);
			name = Localizable.strings;
			sourceTree = "<group>";
		};
/* End PBXVariantGroup section */

/* Begin XCBuildConfiguration section */
		3F331A4B1B2C67020055E742 /* Debug */ = {
			isa = XCBuildConfiguration;
			buildSettings = {
				ALWAYS_SEARCH_USER_PATHS = NO;
				CLANG_CXX_LANGUAGE_STANDARD = "gnu++0x";
				CLANG_CXX_LIBRARY = "libc++";
				CLANG_ENABLE_MODULES = YES;
				CLANG_ENABLE_OBJC_ARC = YES;
				CLANG_WARN_BOOL_CONVERSION = YES;
				CLANG_WARN_CONSTANT_CONVERSION = YES;
				CLANG_WARN_DIRECT_OBJC_ISA_USAGE = YES_ERROR;
				CLANG_WARN_EMPTY_BODY = YES;
				CLANG_WARN_ENUM_CONVERSION = YES;
				CLANG_WARN_INT_CONVERSION = YES;
				CLANG_WARN_OBJC_ROOT_CLASS = YES_ERROR;
				CLANG_WARN_UNREACHABLE_CODE = YES;
				CLANG_WARN__DUPLICATE_METHOD_MATCH = YES;
				"CODE_SIGN_IDENTITY[sdk=iphoneos*]" = "iPhone Developer";
				COPY_PHASE_STRIP = NO;
				DEBUG_INFORMATION_FORMAT = "dwarf-with-dsym";
				ENABLE_BITCODE = NO;
				ENABLE_STRICT_OBJC_MSGSEND = YES;
				ENABLE_TESTABILITY = YES;
				GCC_C_LANGUAGE_STANDARD = gnu99;
				GCC_DYNAMIC_NO_PIC = NO;
				GCC_NO_COMMON_BLOCKS = YES;
				GCC_OPTIMIZATION_LEVEL = 0;
				GCC_PREPROCESSOR_DEFINITIONS = (
					"DEBUG=1",
					"$(inherited)",
				);
				GCC_SYMBOLS_PRIVATE_EXTERN = NO;
				GCC_WARN_64_TO_32_BIT_CONVERSION = YES;
				GCC_WARN_ABOUT_RETURN_TYPE = YES_ERROR;
				GCC_WARN_UNDECLARED_SELECTOR = YES;
				GCC_WARN_UNINITIALIZED_AUTOS = YES_AGGRESSIVE;
				GCC_WARN_UNUSED_FUNCTION = YES;
				GCC_WARN_UNUSED_VARIABLE = YES;
				IPHONEOS_DEPLOYMENT_TARGET = 8.3;
				MTL_ENABLE_DEBUG_INFO = YES;
				ONLY_ACTIVE_ARCH = YES;
				SDKROOT = iphoneos;
			};
			name = Debug;
		};
		3F331A4C1B2C67020055E742 /* Release */ = {
			isa = XCBuildConfiguration;
			buildSettings = {
				ALWAYS_SEARCH_USER_PATHS = NO;
				CLANG_CXX_LANGUAGE_STANDARD = "gnu++0x";
				CLANG_CXX_LIBRARY = "libc++";
				CLANG_ENABLE_MODULES = YES;
				CLANG_ENABLE_OBJC_ARC = YES;
				CLANG_WARN_BOOL_CONVERSION = YES;
				CLANG_WARN_CONSTANT_CONVERSION = YES;
				CLANG_WARN_DIRECT_OBJC_ISA_USAGE = YES_ERROR;
				CLANG_WARN_EMPTY_BODY = YES;
				CLANG_WARN_ENUM_CONVERSION = YES;
				CLANG_WARN_INT_CONVERSION = YES;
				CLANG_WARN_OBJC_ROOT_CLASS = YES_ERROR;
				CLANG_WARN_UNREACHABLE_CODE = YES;
				CLANG_WARN__DUPLICATE_METHOD_MATCH = YES;
				"CODE_SIGN_IDENTITY[sdk=iphoneos*]" = "iPhone Developer";
				COPY_PHASE_STRIP = NO;
				DEBUG_INFORMATION_FORMAT = "dwarf-with-dsym";
				ENABLE_BITCODE = NO;
				ENABLE_NS_ASSERTIONS = NO;
				ENABLE_STRICT_OBJC_MSGSEND = YES;
				GCC_C_LANGUAGE_STANDARD = gnu99;
				GCC_NO_COMMON_BLOCKS = YES;
				GCC_WARN_64_TO_32_BIT_CONVERSION = YES;
				GCC_WARN_ABOUT_RETURN_TYPE = YES_ERROR;
				GCC_WARN_UNDECLARED_SELECTOR = YES;
				GCC_WARN_UNINITIALIZED_AUTOS = YES_AGGRESSIVE;
				GCC_WARN_UNUSED_FUNCTION = YES;
				GCC_WARN_UNUSED_VARIABLE = YES;
				IPHONEOS_DEPLOYMENT_TARGET = 8.3;
				MTL_ENABLE_DEBUG_INFO = NO;
				SDKROOT = iphoneos;
				VALIDATE_PRODUCT = YES;
			};
			name = Release;
		};
		3F331A4E1B2C67020055E742 /* Debug */ = {
			isa = XCBuildConfiguration;
			baseConfigurationReference = 242A4A03FF34540136584E3D /* Pods-Velad.debug.xcconfig */;
			buildSettings = {
				ASSETCATALOG_COMPILER_APPICON_NAME = AppIcon;
				ASSETCATALOG_COMPILER_LAUNCHIMAGE_NAME = LaunchImage;
				INFOPLIST_FILE = "$(SRCROOT)/Velad/Support/Info.plist";
				IPHONEOS_DEPLOYMENT_TARGET = 7.0;
				LD_RUNPATH_SEARCH_PATHS = "$(inherited) @executable_path/Frameworks";
				PRODUCT_BUNDLE_IDENTIFIER = "com.mac.$(PRODUCT_NAME:rfc1034identifier)";
				PRODUCT_NAME = "$(TARGET_NAME)";
				PROVISIONING_PROFILE = "18072b47-bf17-45bd-9c9e-964b5a43013e";
			};
			name = Debug;
		};
		3F331A4F1B2C67020055E742 /* Release */ = {
			isa = XCBuildConfiguration;
			baseConfigurationReference = 327509EF0CA8E04A6C1F47D7 /* Pods-Velad.release.xcconfig */;
			buildSettings = {
				ASSETCATALOG_COMPILER_APPICON_NAME = AppIcon;
				ASSETCATALOG_COMPILER_LAUNCHIMAGE_NAME = LaunchImage;
				INFOPLIST_FILE = "$(SRCROOT)/Velad/Support/Info.plist";
				IPHONEOS_DEPLOYMENT_TARGET = 7.0;
				LD_RUNPATH_SEARCH_PATHS = "$(inherited) @executable_path/Frameworks";
				PRODUCT_BUNDLE_IDENTIFIER = "com.mac.$(PRODUCT_NAME:rfc1034identifier)";
				PRODUCT_NAME = "$(TARGET_NAME)";
				PROVISIONING_PROFILE = "b078fe5f-e949-4251-b5b8-24666bebae64";
			};
			name = Release;
		};
		DA83C7751BB5BD7900C1E05A /* Debug */ = {
			isa = XCBuildConfiguration;
			buildSettings = {
				BUNDLE_LOADER = "$(TEST_HOST)";
				CLANG_ENABLE_MODULES = YES;
				DEBUG_INFORMATION_FORMAT = dwarf;
				FRAMEWORK_SEARCH_PATHS = (
					"$(inherited)",
					"$(PROJECT_DIR)/Carthage/Build/iOS",
				);
				GCC_PREPROCESSOR_DEFINITIONS = (
					"DEBUG=1",
					"$(inherited)",
				);
				INFOPLIST_FILE = SnapshotTests/Support/Info.plist;
				IPHONEOS_DEPLOYMENT_TARGET = 9.0;
				LD_RUNPATH_SEARCH_PATHS = "$(inherited) @executable_path/Frameworks @loader_path/Frameworks";
				LIBRARY_SEARCH_PATHS = (
					"$(inherited)",
					"$(PROJECT_DIR)/build/Debug-iphoneos",
				);
				PRODUCT_BUNDLE_IDENTIFIER = com.mac.velad.SnapshotTests;
				PRODUCT_NAME = "$(TARGET_NAME)";
				SWIFT_OBJC_BRIDGING_HEADER = "SnapshotTests/Support/SnapshotTests-Bridging-Header.h";
				SWIFT_OPTIMIZATION_LEVEL = "-Onone";
				TEST_HOST = "$(BUILT_PRODUCTS_DIR)/Velad.app/Velad";
				USER_HEADER_SEARCH_PATHS = "${SRCROOT}/Pods/**";
			};
			name = Debug;
		};
		DA83C7761BB5BD7900C1E05A /* Release */ = {
			isa = XCBuildConfiguration;
			buildSettings = {
				BUNDLE_LOADER = "$(TEST_HOST)";
				CLANG_ENABLE_MODULES = YES;
				FRAMEWORK_SEARCH_PATHS = (
					"$(inherited)",
					"$(PROJECT_DIR)/Carthage/Build/iOS",
				);
				INFOPLIST_FILE = SnapshotTests/Support/Info.plist;
				IPHONEOS_DEPLOYMENT_TARGET = 9.0;
				LD_RUNPATH_SEARCH_PATHS = "$(inherited) @executable_path/Frameworks @loader_path/Frameworks";
				LIBRARY_SEARCH_PATHS = (
					"$(inherited)",
					"$(PROJECT_DIR)/build/Debug-iphoneos",
				);
				PRODUCT_BUNDLE_IDENTIFIER = com.mac.velad.SnapshotTests;
				PRODUCT_NAME = "$(TARGET_NAME)";
				SWIFT_OBJC_BRIDGING_HEADER = "SnapshotTests/Support/SnapshotTests-Bridging-Header.h";
				TEST_HOST = "$(BUILT_PRODUCTS_DIR)/Velad.app/Velad";
			};
			name = Release;
		};
		DAA8730C1BB40A1500A443F2 /* Debug */ = {
			isa = XCBuildConfiguration;
			buildSettings = {
				CLANG_ENABLE_MODULES = YES;
				DEBUG_INFORMATION_FORMAT = dwarf;
				FRAMEWORK_SEARCH_PATHS = (
					"$(inherited)",
					"$(PROJECT_DIR)/Carthage/Build/iOS",
				);
				INFOPLIST_FILE = UnitTests/Support/Info.plist;
				IPHONEOS_DEPLOYMENT_TARGET = 9.0;
				LD_RUNPATH_SEARCH_PATHS = "$(inherited) @executable_path/Frameworks @loader_path/Frameworks";
				LIBRARY_SEARCH_PATHS = (
					"$(inherited)",
					"$(PROJECT_DIR)/build/Debug-iphoneos",
				);
				PRODUCT_BUNDLE_IDENTIFIER = com.mac.velad.UnitTests;
				PRODUCT_NAME = "$(TARGET_NAME)";
				SWIFT_OBJC_BRIDGING_HEADER = "UnitTests/Support/UnitTests-Bridging-Header.h";
				SWIFT_OPTIMIZATION_LEVEL = "-Onone";
				USER_HEADER_SEARCH_PATHS = "${SRCROOT}/Pods/**";
			};
			name = Debug;
		};
		DAA8730D1BB40A1500A443F2 /* Release */ = {
			isa = XCBuildConfiguration;
			buildSettings = {
				CLANG_ENABLE_MODULES = YES;
				FRAMEWORK_SEARCH_PATHS = (
					"$(inherited)",
					"$(PROJECT_DIR)/Carthage/Build/iOS",
				);
				INFOPLIST_FILE = UnitTests/Support/Info.plist;
				IPHONEOS_DEPLOYMENT_TARGET = 9.0;
				LD_RUNPATH_SEARCH_PATHS = "$(inherited) @executable_path/Frameworks @loader_path/Frameworks";
				LIBRARY_SEARCH_PATHS = (
					"$(inherited)",
					"$(PROJECT_DIR)/build/Debug-iphoneos",
				);
				PRODUCT_BUNDLE_IDENTIFIER = com.mac.velad.UnitTests;
				PRODUCT_NAME = "$(TARGET_NAME)";
				SWIFT_OBJC_BRIDGING_HEADER = "UnitTests/Support/UnitTests-Bridging-Header.h";
			};
			name = Release;
		};
/* End XCBuildConfiguration section */

/* Begin XCConfigurationList section */
		3F331A251B2C67020055E742 /* Build configuration list for PBXProject "Velad" */ = {
			isa = XCConfigurationList;
			buildConfigurations = (
				3F331A4B1B2C67020055E742 /* Debug */,
				3F331A4C1B2C67020055E742 /* Release */,
			);
			defaultConfigurationIsVisible = 0;
			defaultConfigurationName = Release;
		};
		3F331A4D1B2C67020055E742 /* Build configuration list for PBXNativeTarget "Velad" */ = {
			isa = XCConfigurationList;
			buildConfigurations = (
				3F331A4E1B2C67020055E742 /* Debug */,
				3F331A4F1B2C67020055E742 /* Release */,
			);
			defaultConfigurationIsVisible = 0;
			defaultConfigurationName = Release;
		};
		DA83C7741BB5BD7900C1E05A /* Build configuration list for PBXNativeTarget "SnapshotTests" */ = {
			isa = XCConfigurationList;
			buildConfigurations = (
				DA83C7751BB5BD7900C1E05A /* Debug */,
				DA83C7761BB5BD7900C1E05A /* Release */,
			);
			defaultConfigurationIsVisible = 0;
		};
		DAA8730E1BB40A1500A443F2 /* Build configuration list for PBXNativeTarget "UnitTests" */ = {
			isa = XCConfigurationList;
			buildConfigurations = (
				DAA8730C1BB40A1500A443F2 /* Debug */,
				DAA8730D1BB40A1500A443F2 /* Release */,
			);
			defaultConfigurationIsVisible = 0;
			defaultConfigurationName = Release;
		};
/* End XCConfigurationList section */
	};
	rootObject = 3F331A221B2C67020055E742 /* Project object */;
}
